{
  "version": 4,
  "terraform_version": "1.0.4",
  "serial": 102,
  "lineage": "2c438df3-9a91-95eb-3b6e-8542a07b36c9",
  "outputs": {},
  "resources": [
    {
      "mode": "data",
      "type": "aws_caller_identity",
      "name": "current",
      "provider": "provider[\"registry.terraform.io/hashicorp/aws\"]",
      "instances": [
        {
          "schema_version": 0,
          "attributes": {
            "account_id": "299541157397",
            "arn": "arn:aws:iam::299541157397:user/erfangc",
            "id": "299541157397",
            "user_id": "AIDAULPQLKYKWFAQOKDDT"
          },
          "sensitive_attributes": []
        }
      ]
    },
    {
      "mode": "data",
      "type": "aws_region",
      "name": "current",
      "provider": "provider[\"registry.terraform.io/hashicorp/aws\"]",
      "instances": [
        {
          "schema_version": 0,
          "attributes": {
            "description": "US East (N. Virginia)",
            "endpoint": "ec2.us-east-1.amazonaws.com",
            "id": "us-east-1",
            "name": "us-east-1"
          },
          "sensitive_attributes": []
        }
      ]
    },
    {
      "mode": "managed",
      "type": "aws_acm_certificate",
      "name": "cert",
      "provider": "provider[\"registry.terraform.io/hashicorp/aws\"]",
      "instances": [
        {
          "schema_version": 0,
          "attributes": {
            "arn": "arn:aws:acm:us-east-1:299541157397:certificate/e6256a89-9836-4b0f-97bb-c89bf9675594",
            "certificate_authority_arn": "",
            "certificate_body": "-----BEGIN CERTIFICATE-----\nMIIDJTCCAg2gAwIBAgIQHiq8LM0Z9y1w9qsQ2WGZwDANBgkqhkiG9w0BAQsFADAz\nMRswGQYDVQQKExJBQ01FIEV4YW1wbGVzLCBJbmMxFDASBgNVBAMTC2V4YW1wbGUu\nY29tMB4XDTIxMTAyMzIwNDg1OFoXDTIxMTAyNDA4NDg1OFowMzEbMBkGA1UEChMS\nQUNNRSBFeGFtcGxlcywgSW5jMRQwEgYDVQQDEwtleGFtcGxlLmNvbTCCASIwDQYJ\nKoZIhvcNAQEBBQADggEPADCCAQoCggEBALgn1jaap8Orcp0+VyF3rIRWAnyXdAiU\nO+0EbEUeubetztwGxu4VnwXK8wTxqlxK0zKgw1pW05s1+FGZhDfkyspd7DVXZGvM\nUKSRzp9qnJyMN8VvEoLVA/hdSYUKc+3G+f/ULtHC6cOprwEpP7UDDP94LhRNmwB9\nO89GQR0vo20OczoJRxz2vSyLa+1OOhtXx0IrcaKqklN8R2ADphbJEG1oDTSxSadK\nt3U+yywVwGyQL7pLF09P0CByYMuYhdPyk0an6UNz38BDwuJk7++U+GE69GsOZKli\nP7WIRrkInW6XAULJ1MAzsoQQ0HBq81MBlWfSXwIJX4hXVD7IRhEoA3MCAwEAAaM1\nMDMwDgYDVR0PAQH/BAQDAgWgMBMGA1UdJQQMMAoGCCsGAQUFBwMBMAwGA1UdEwEB\n/wQCMAAwDQYJKoZIhvcNAQELBQADggEBAEYgnIu2T/smWfdkxrNfIbP8SzM0E34a\nC2kesBPy0Nm0fKX8yC+Ivh0Q3Ps9huAaubTFRGw/Jv6zAnTLkFQw8wtbh1SlqTfc\noLqJ2qwGJ2MYYS90b7ctVKmrDNZGyD5CoZrWazGah1jyVqAqBhLzh455fViYjCJ1\n6mfRogMu3WXcvgNxJFJytK2ii7hYxKvouM+QFThI5cEIvyM0VtYAbdt2Ei/oU2D2\nxCGZiVxv/ouZewtrJ7oOADAfbu17XO9vMXfHKGF+MYriRZVnLTJ9UwNKt/hpremA\naIo/3WKjTazYYN0PRns2Ug0Udzhs9wQCUEvJYTzhbwqaYdTgLuIjHsw=\n-----END CERTIFICATE-----\n",
            "certificate_chain": null,
            "domain_name": "example.com",
            "domain_validation_options": [],
            "id": "arn:aws:acm:us-east-1:299541157397:certificate/e6256a89-9836-4b0f-97bb-c89bf9675594",
            "options": [
              {
                "certificate_transparency_logging_preference": "DISABLED"
              }
            ],
            "private_key": "-----BEGIN RSA PRIVATE KEY-----\nMIIEpQIBAAKCAQEAuCfWNpqnw6tynT5XIXeshFYCfJd0CJQ77QRsRR65t63O3AbG\n7hWfBcrzBPGqXErTMqDDWlbTmzX4UZmEN+TKyl3sNVdka8xQpJHOn2qcnIw3xW8S\ngtUD+F1JhQpz7cb5/9Qu0cLpw6mvASk/tQMM/3guFE2bAH07z0ZBHS+jbQ5zOglH\nHPa9LItr7U46G1fHQitxoqqSU3xHYAOmFskQbWgNNLFJp0q3dT7LLBXAbJAvuksX\nT0/QIHJgy5iF0/KTRqfpQ3PfwEPC4mTv75T4YTr0aw5kqWI/tYhGuQidbpcBQsnU\nwDOyhBDQcGrzUwGVZ9JfAglfiFdUPshGESgDcwIDAQABAoIBACaWym+UxtTcx16l\n4pIzxqXQdCLxhbIKhegrxhhR0O7pb/BxRxw60aDgHz6I+X7vewQf5e+3RA5BJ/DJ\nb4ha3Be9yLKAxp1EKh3iI98J8xlm1IT9um5J/tP7kF1djF9mE5sFNm5kHqIOm4pt\nv1jJ895Qq687d+CJXZAYk6pvAhrm0Zrc+aGD371C7UzisVKRI93D5qH+xzgV8a3p\nPb0g8VCiTmX6n2hP2NKaWjW+STgVXnbLO0o1vBB0Ml+82lB83mwUI2EU1fTTB+q3\nESsFU87C5AkzSnOlecf7ffDaezin2aEq0FL8yzXBjX7K3dtHQAlZhzY0awHrhVwY\nQ+/Nc5kCgYEA9QSMdnhuNs7MH9o38jriz/m8AOGyg/x8PRnJ/E86GmkhOtI9nmkC\nbuPwWLCCaekcUP3fhxT2pQEyVYULVcSqSukUtdTnYXlSa0yyrcJEReIFYMvZipvB\nDQ++X64ziT6TrxmR7R28g5HKyPg3k4auWiPMH0DQM1ekPPYSnKbZAkcCgYEAwGjt\nMZrxOlhBGq3Fp1CmW2zm4tJHbSbUA5Dw1qRepz8r3bHJ29eaCpiEb4keU+DQyVBv\n7IMt3Bkv2Rg5TR1yPupX1rTNt93AIlTcyAT3Y+wnfNcy2FIecLbgqjWktBbm40OW\nY1dusqx3cUCH/kh+C2cKbs9qjJ1xUcmQlXMBv3UCgYEAg1lN55DGHNGdshGs3kld\nH/sUIzDbH1ByVdsGYiEi19e1/a+JYuuOZ14AkbsGHrrd+Dkw5FyDoI9UqW3qVq9Y\nT1JGTPf2llWQrn7uZqH3MbNqCKsfUuQOiO8AspBThmaqizrc9M11Kt80Y6pVONwB\niccY/UQkmPGJ1ThhX+M+AK8CgYEAoayJAhGLeNcHfX9egcSGxHOxXg4K7nCd3ZFA\njVr4Hdg658GoOA3l5dlaDs5MqXZSeZYZNcbUFgkj52svWtjPUoZe4I5z/XdbJn3g\nNkHWDiQ02fWJR7NY2KUSCnOgvaIwx+3WxAqHfaLlikgK/WO0ZahjX9DxWs5AldSk\npK9KXLECgYEAt8w8yiq7a2eKzjL1zOeethiEmu8fJk3lfeJ5TBd/p+0PswF+RU+Z\ncTffRaJqiTlB8AcIRGftHa5r1KP5Xo0ihXguqhWdaHrJeGKKWAeme9g9pYDZeH++\nkMIvMr+uDvgEGz1+xuFxQqM0vOeulba1dIPBTFDq9pe3TdgTxZ3fx50=\n-----END RSA PRIVATE KEY-----\n",
            "status": "ISSUED",
            "subject_alternative_names": [],
            "tags": {},
            "tags_all": {},
            "validation_emails": [],
            "validation_method": "NONE"
          },
          "sensitive_attributes": [
            [
              {
                "type": "get_attr",
                "value": "private_key"
              }
            ]
          ],
          "private": "bnVsbA==",
          "dependencies": [
            "tls_private_key.example",
            "tls_self_signed_cert.example"
          ]
        }
      ]
    },
    {
      "mode": "managed",
      "type": "aws_instance",
      "name": "server",
      "provider": "provider[\"registry.terraform.io/hashicorp/aws\"]",
      "instances": [
        {
          "schema_version": 1,
          "attributes": {
            "ami": "ami-02e136e904f3da870",
            "arn": "arn:aws:ec2:us-east-1:299541157397:instance/i-09d849d271415e152",
            "associate_public_ip_address": true,
            "availability_zone": "us-east-1a",
            "capacity_reservation_specification": [
              {
                "capacity_reservation_preference": "open",
                "capacity_reservation_target": []
              }
            ],
            "cpu_core_count": 2,
            "cpu_threads_per_core": 1,
            "credit_specification": [
              {
                "cpu_credits": "standard"
              }
            ],
            "disable_api_termination": false,
            "ebs_block_device": [],
            "ebs_optimized": false,
            "enclave_options": [
              {
                "enabled": false
              }
            ],
            "ephemeral_block_device": [],
            "get_password_data": false,
            "hibernation": false,
            "host_id": null,
            "iam_instance_profile": "",
            "id": "i-09d849d271415e152",
            "instance_initiated_shutdown_behavior": "stop",
            "instance_state": "running",
            "instance_type": "t2.medium",
            "ipv6_address_count": 0,
            "ipv6_addresses": [],
            "key_name": "master-key",
            "launch_template": [],
            "metadata_options": [
              {
                "http_endpoint": "enabled",
                "http_put_response_hop_limit": 1,
                "http_tokens": "optional"
              }
            ],
            "monitoring": false,
            "network_interface": [],
            "outpost_arn": "",
            "password_data": "",
            "placement_group": "",
            "placement_partition_number": null,
            "primary_network_interface_id": "eni-0ad008f6c7178ca32",
            "private_dns": "ip-10-10-10-110.ec2.internal",
            "private_ip": "10.10.10.110",
            "public_dns": "",
            "public_ip": "3.82.28.27",
            "root_block_device": [
              {
                "delete_on_termination": true,
                "device_name": "/dev/xvda",
                "encrypted": false,
                "iops": 100,
                "kms_key_id": "",
                "tags": {},
                "throughput": 0,
                "volume_id": "vol-09cc23e1e6410a46a",
                "volume_size": 8,
                "volume_type": "gp2"
              }
            ],
            "secondary_private_ips": [],
            "security_groups": [],
            "source_dest_check": true,
            "subnet_id": "subnet-0987df216ab6e9f00",
            "tags": {},
            "tags_all": {},
            "tenancy": "default",
            "timeouts": null,
            "user_data": null,
            "user_data_base64": null,
            "volume_tags": null,
            "vpc_security_group_ids": [
              "sg-0b78dc7a2fa44fb95"
            ]
          },
          "sensitive_attributes": [],
          "private": "eyJlMmJmYjczMC1lY2FhLTExZTYtOGY4OC0zNDM2M2JjN2M0YzAiOnsiY3JlYXRlIjo2MDAwMDAwMDAwMDAsImRlbGV0ZSI6MTIwMDAwMDAwMDAwMCwidXBkYXRlIjo2MDAwMDAwMDAwMDB9LCJzY2hlbWFfdmVyc2lvbiI6IjEifQ==",
          "dependencies": [
            "module.vpc.aws_vpc.this",
            "module.vpc.aws_vpc_ipv4_cidr_block_association.this",
            "aws_security_group.instance-sg",
            "module.vpc.aws_subnet.public"
          ]
        }
      ]
    },
    {
      "mode": "managed",
      "type": "aws_lb",
      "name": "lb",
      "provider": "provider[\"registry.terraform.io/hashicorp/aws\"]",
      "instances": [
        {
          "schema_version": 0,
          "attributes": {
            "access_logs": [
              {
                "bucket": "",
                "enabled": false,
                "prefix": ""
              }
            ],
            "arn": "arn:aws:elasticloadbalancing:us-east-1:299541157397:loadbalancer/net/lb/727bd83b62cba5c8",
            "arn_suffix": "net/lb/727bd83b62cba5c8",
            "customer_owned_ipv4_pool": "",
            "dns_name": "lb-727bd83b62cba5c8.elb.us-east-1.amazonaws.com",
            "drop_invalid_header_fields": null,
            "enable_cross_zone_load_balancing": false,
            "enable_deletion_protection": false,
            "enable_http2": null,
            "id": "arn:aws:elasticloadbalancing:us-east-1:299541157397:loadbalancer/net/lb/727bd83b62cba5c8",
            "idle_timeout": null,
            "internal": false,
            "ip_address_type": "ipv4",
            "load_balancer_type": "network",
            "name": "lb",
            "name_prefix": null,
            "security_groups": [],
            "subnet_mapping": [
              {
                "allocation_id": "",
                "ipv6_address": "",
                "outpost_id": "",
                "private_ipv4_address": "",
                "subnet_id": "subnet-0987df216ab6e9f00"
              }
            ],
            "subnets": [
              "subnet-0987df216ab6e9f00"
            ],
            "tags": {},
            "tags_all": {},
            "timeouts": null,
            "vpc_id": "vpc-0acbf1a0f5da9f57b",
            "zone_id": "Z26RNL4JYFTOTI"
          },
          "sensitive_attributes": [],
          "private": "eyJlMmJmYjczMC1lY2FhLTExZTYtOGY4OC0zNDM2M2JjN2M0YzAiOnsiY3JlYXRlIjo2MDAwMDAwMDAwMDAsImRlbGV0ZSI6NjAwMDAwMDAwMDAwLCJ1cGRhdGUiOjYwMDAwMDAwMDAwMH19",
          "dependencies": [
            "aws_instance.server",
            "aws_security_group.instance-sg",
            "module.vpc.aws_subnet.public",
            "module.vpc.aws_vpc.this",
            "module.vpc.aws_vpc_ipv4_cidr_block_association.this"
          ]
        }
      ]
    },
    {
      "mode": "managed",
      "type": "aws_lb_listener",
      "name": "https",
      "provider": "provider[\"registry.terraform.io/hashicorp/aws\"]",
      "instances": [
        {
          "schema_version": 0,
          "attributes": {
            "alpn_policy": null,
            "arn": "arn:aws:elasticloadbalancing:us-east-1:299541157397:listener/net/lb/727bd83b62cba5c8/ec9952745ad44929",
            "certificate_arn": "arn:aws:acm:us-east-1:299541157397:certificate/e6256a89-9836-4b0f-97bb-c89bf9675594",
            "default_action": [
              {
                "authenticate_cognito": [],
                "authenticate_oidc": [],
                "fixed_response": [],
                "forward": [],
                "order": 1,
                "redirect": [],
                "target_group_arn": "arn:aws:elasticloadbalancing:us-east-1:299541157397:targetgroup/tf-20211023233617802900000001/454c273a6d9ba155",
                "type": "forward"
              }
            ],
            "id": "arn:aws:elasticloadbalancing:us-east-1:299541157397:listener/net/lb/727bd83b62cba5c8/ec9952745ad44929",
            "load_balancer_arn": "arn:aws:elasticloadbalancing:us-east-1:299541157397:loadbalancer/net/lb/727bd83b62cba5c8",
            "port": 443,
            "protocol": "TLS",
            "ssl_policy": "ELBSecurityPolicy-2016-08",
            "tags": null,
            "tags_all": {},
            "timeouts": null
          },
          "sensitive_attributes": [],
          "private": "eyJlMmJmYjczMC1lY2FhLTExZTYtOGY4OC0zNDM2M2JjN2M0YzAiOnsicmVhZCI6NjAwMDAwMDAwMDAwfX0=",
          "dependencies": [
            "aws_acm_certificate.cert",
            "aws_lb.lb",
            "aws_lb_target_group.tg"
          ]
        }
      ]
    },
    {
      "mode": "managed",
      "type": "aws_lb_target_group",
      "name": "tg",
      "provider": "provider[\"registry.terraform.io/hashicorp/aws\"]",
      "instances": [
        {
          "schema_version": 0,
          "attributes": {
            "arn": "arn:aws:elasticloadbalancing:us-east-1:299541157397:targetgroup/tf-20211023233617802900000001/454c273a6d9ba155",
            "arn_suffix": "targetgroup/tf-20211023233617802900000001/454c273a6d9ba155",
            "deregistration_delay": "300",
            "health_check": [
              {
                "enabled": true,
                "healthy_threshold": 2,
                "interval": 10,
                "matcher": "200-399",
                "path": "/",
                "port": "traffic-port",
                "protocol": "HTTP",
                "timeout": 6,
                "unhealthy_threshold": 2
              }
            ],
            "id": "arn:aws:elasticloadbalancing:us-east-1:299541157397:targetgroup/tf-20211023233617802900000001/454c273a6d9ba155",
            "lambda_multi_value_headers_enabled": false,
            "load_balancing_algorithm_type": null,
            "name": "tf-20211023233617802900000001",
            "name_prefix": null,
            "port": 80,
            "preserve_client_ip": "true",
            "protocol": "TCP",
            "protocol_version": null,
            "proxy_protocol_v2": false,
            "slow_start": 0,
            "stickiness": [
              {
                "cookie_duration": 0,
                "cookie_name": "",
                "enabled": false,
                "type": "source_ip"
              }
            ],
            "tags": {},
            "tags_all": {},
            "target_type": "instance",
            "vpc_id": "vpc-0acbf1a0f5da9f57b"
          },
          "sensitive_attributes": [],
          "private": "bnVsbA==",
          "dependencies": [
            "module.vpc.aws_vpc.this"
          ]
        }
      ]
    },
    {
      "mode": "managed",
      "type": "aws_lb_target_group_attachment",
      "name": "tga",
      "provider": "provider[\"registry.terraform.io/hashicorp/aws\"]",
      "instances": [
        {
          "schema_version": 0,
          "attributes": {
            "availability_zone": null,
            "id": "arn:aws:elasticloadbalancing:us-east-1:299541157397:targetgroup/tf-20211023233617802900000001/454c273a6d9ba155-20211023233618665600000002",
            "port": 80,
            "target_group_arn": "arn:aws:elasticloadbalancing:us-east-1:299541157397:targetgroup/tf-20211023233617802900000001/454c273a6d9ba155",
            "target_id": "i-09d849d271415e152"
          },
          "sensitive_attributes": [],
          "private": "bnVsbA==",
          "dependencies": [
            "aws_security_group.instance-sg",
            "module.vpc.aws_subnet.public",
            "module.vpc.aws_vpc.this",
            "module.vpc.aws_vpc_ipv4_cidr_block_association.this",
            "aws_instance.server",
            "aws_lb_target_group.tg"
          ]
        }
      ]
    },
    {
      "mode": "managed",
      "type": "aws_security_group",
      "name": "instance-sg",
      "provider": "provider[\"registry.terraform.io/hashicorp/aws\"]",
      "instances": [
        {
          "schema_version": 1,
          "attributes": {
            "arn": "arn:aws:ec2:us-east-1:299541157397:security-group/sg-0b78dc7a2fa44fb95",
            "description": "Managed by Terraform",
            "egress": [
              {
                "cidr_blocks": [
                  "0.0.0.0/0"
                ],
                "description": "",
                "from_port": 443,
                "ipv6_cidr_blocks": [],
                "prefix_list_ids": [],
                "protocol": "tcp",
                "security_groups": [],
                "self": false,
                "to_port": 443
              },
              {
                "cidr_blocks": [
                  "0.0.0.0/0"
                ],
                "description": "",
                "from_port": 80,
                "ipv6_cidr_blocks": [],
                "prefix_list_ids": [],
                "protocol": "tcp",
                "security_groups": [],
                "self": false,
                "to_port": 80
              }
            ],
            "id": "sg-0b78dc7a2fa44fb95",
            "ingress": [
              {
                "cidr_blocks": [
                  "0.0.0.0/0"
                ],
                "description": "",
                "from_port": 22,
                "ipv6_cidr_blocks": [],
                "prefix_list_ids": [],
                "protocol": "tcp",
                "security_groups": [],
                "self": false,
                "to_port": 22
              },
              {
                "cidr_blocks": [
                  "0.0.0.0/0"
                ],
                "description": "",
                "from_port": 80,
                "ipv6_cidr_blocks": [],
                "prefix_list_ids": [],
                "protocol": "tcp",
                "security_groups": [],
                "self": false,
                "to_port": 80
              }
            ],
            "name": "instance-sg",
            "name_prefix": "",
            "owner_id": "299541157397",
            "revoke_rules_on_delete": false,
            "tags": {},
            "tags_all": {},
            "timeouts": null,
            "vpc_id": "vpc-0acbf1a0f5da9f57b"
          },
          "sensitive_attributes": [],
          "private": "eyJlMmJmYjczMC1lY2FhLTExZTYtOGY4OC0zNDM2M2JjN2M0YzAiOnsiY3JlYXRlIjo2MDAwMDAwMDAwMDAsImRlbGV0ZSI6OTAwMDAwMDAwMDAwfSwic2NoZW1hX3ZlcnNpb24iOiIxIn0=",
          "dependencies": [
            "module.vpc.aws_vpc.this"
          ]
        }
      ]
    },
    {
      "mode": "managed",
      "type": "aws_security_group_rule",
      "name": "allow-http",
      "provider": "provider[\"registry.terraform.io/hashicorp/aws\"]",
      "instances": [
        {
          "schema_version": 2,
          "attributes": {
            "cidr_blocks": [
              "0.0.0.0/0"
            ],
            "description": "",
            "from_port": 80,
            "id": "sgrule-145582329",
            "ipv6_cidr_blocks": [],
            "prefix_list_ids": [],
            "protocol": "tcp",
            "security_group_id": "sg-0b78dc7a2fa44fb95",
            "self": false,
            "source_security_group_id": null,
            "to_port": 80,
            "type": "ingress"
          },
          "sensitive_attributes": [],
          "private": "eyJzY2hlbWFfdmVyc2lvbiI6IjIifQ==",
          "dependencies": [
            "aws_security_group.instance-sg",
            "module.vpc.aws_vpc.this"
          ]
        }
      ]
    },
    {
      "mode": "managed",
      "type": "aws_security_group_rule",
      "name": "allow-ingress-http",
      "provider": "provider[\"registry.terraform.io/hashicorp/aws\"]",
      "instances": [
        {
          "schema_version": 2,
          "attributes": {
            "cidr_blocks": [
              "0.0.0.0/0"
            ],
            "description": "",
            "from_port": 80,
            "id": "sgrule-3397533979",
            "ipv6_cidr_blocks": [],
            "prefix_list_ids": [],
            "protocol": "tcp",
            "security_group_id": "sg-0b78dc7a2fa44fb95",
            "self": false,
            "source_security_group_id": null,
            "to_port": 80,
            "type": "egress"
          },
          "sensitive_attributes": [],
          "private": "eyJzY2hlbWFfdmVyc2lvbiI6IjIifQ==",
          "dependencies": [
            "aws_security_group.instance-sg",
            "module.vpc.aws_vpc.this"
          ]
        }
      ]
    },
    {
      "mode": "managed",
      "type": "aws_security_group_rule",
      "name": "allow-ingress-https",
      "provider": "provider[\"registry.terraform.io/hashicorp/aws\"]",
      "instances": [
        {
          "schema_version": 2,
          "attributes": {
            "cidr_blocks": [
              "0.0.0.0/0"
            ],
            "description": "",
            "from_port": 443,
            "id": "sgrule-1368123171",
            "ipv6_cidr_blocks": [],
            "prefix_list_ids": [],
            "protocol": "tcp",
            "security_group_id": "sg-0b78dc7a2fa44fb95",
            "self": false,
            "source_security_group_id": null,
            "to_port": 443,
            "type": "egress"
          },
          "sensitive_attributes": [],
          "private": "eyJzY2hlbWFfdmVyc2lvbiI6IjIifQ==",
          "dependencies": [
            "aws_security_group.instance-sg",
            "module.vpc.aws_vpc.this"
          ]
        }
      ]
    },
    {
      "mode": "managed",
      "type": "aws_security_group_rule",
      "name": "allow-ssh",
      "provider": "provider[\"registry.terraform.io/hashicorp/aws\"]",
      "instances": [
        {
          "schema_version": 2,
          "attributes": {
            "cidr_blocks": [
              "0.0.0.0/0"
            ],
            "description": "",
            "from_port": 22,
            "id": "sgrule-3190240588",
            "ipv6_cidr_blocks": [],
            "prefix_list_ids": [],
            "protocol": "tcp",
            "security_group_id": "sg-0b78dc7a2fa44fb95",
            "self": false,
            "source_security_group_id": null,
            "to_port": 22,
            "type": "ingress"
          },
          "sensitive_attributes": [],
          "private": "eyJzY2hlbWFfdmVyc2lvbiI6IjIifQ==",
          "dependencies": [
            "module.vpc.aws_vpc.this",
            "aws_security_group.instance-sg"
          ]
        }
      ]
    },
    {
      "mode": "managed",
      "type": "tls_private_key",
      "name": "example",
      "provider": "provider[\"registry.terraform.io/hashicorp/tls\"]",
      "instances": [
        {
          "schema_version": 0,
          "attributes": {
            "algorithm": "RSA",
            "ecdsa_curve": "P224",
            "id": "ec801fbeca58690fdf8c30cbe94ecbaad26d5836",
            "private_key_pem": "-----BEGIN RSA PRIVATE KEY-----\nMIIEpQIBAAKCAQEAuCfWNpqnw6tynT5XIXeshFYCfJd0CJQ77QRsRR65t63O3AbG\n7hWfBcrzBPGqXErTMqDDWlbTmzX4UZmEN+TKyl3sNVdka8xQpJHOn2qcnIw3xW8S\ngtUD+F1JhQpz7cb5/9Qu0cLpw6mvASk/tQMM/3guFE2bAH07z0ZBHS+jbQ5zOglH\nHPa9LItr7U46G1fHQitxoqqSU3xHYAOmFskQbWgNNLFJp0q3dT7LLBXAbJAvuksX\nT0/QIHJgy5iF0/KTRqfpQ3PfwEPC4mTv75T4YTr0aw5kqWI/tYhGuQidbpcBQsnU\nwDOyhBDQcGrzUwGVZ9JfAglfiFdUPshGESgDcwIDAQABAoIBACaWym+UxtTcx16l\n4pIzxqXQdCLxhbIKhegrxhhR0O7pb/BxRxw60aDgHz6I+X7vewQf5e+3RA5BJ/DJ\nb4ha3Be9yLKAxp1EKh3iI98J8xlm1IT9um5J/tP7kF1djF9mE5sFNm5kHqIOm4pt\nv1jJ895Qq687d+CJXZAYk6pvAhrm0Zrc+aGD371C7UzisVKRI93D5qH+xzgV8a3p\nPb0g8VCiTmX6n2hP2NKaWjW+STgVXnbLO0o1vBB0Ml+82lB83mwUI2EU1fTTB+q3\nESsFU87C5AkzSnOlecf7ffDaezin2aEq0FL8yzXBjX7K3dtHQAlZhzY0awHrhVwY\nQ+/Nc5kCgYEA9QSMdnhuNs7MH9o38jriz/m8AOGyg/x8PRnJ/E86GmkhOtI9nmkC\nbuPwWLCCaekcUP3fhxT2pQEyVYULVcSqSukUtdTnYXlSa0yyrcJEReIFYMvZipvB\nDQ++X64ziT6TrxmR7R28g5HKyPg3k4auWiPMH0DQM1ekPPYSnKbZAkcCgYEAwGjt\nMZrxOlhBGq3Fp1CmW2zm4tJHbSbUA5Dw1qRepz8r3bHJ29eaCpiEb4keU+DQyVBv\n7IMt3Bkv2Rg5TR1yPupX1rTNt93AIlTcyAT3Y+wnfNcy2FIecLbgqjWktBbm40OW\nY1dusqx3cUCH/kh+C2cKbs9qjJ1xUcmQlXMBv3UCgYEAg1lN55DGHNGdshGs3kld\nH/sUIzDbH1ByVdsGYiEi19e1/a+JYuuOZ14AkbsGHrrd+Dkw5FyDoI9UqW3qVq9Y\nT1JGTPf2llWQrn7uZqH3MbNqCKsfUuQOiO8AspBThmaqizrc9M11Kt80Y6pVONwB\niccY/UQkmPGJ1ThhX+M+AK8CgYEAoayJAhGLeNcHfX9egcSGxHOxXg4K7nCd3ZFA\njVr4Hdg658GoOA3l5dlaDs5MqXZSeZYZNcbUFgkj52svWtjPUoZe4I5z/XdbJn3g\nNkHWDiQ02fWJR7NY2KUSCnOgvaIwx+3WxAqHfaLlikgK/WO0ZahjX9DxWs5AldSk\npK9KXLECgYEAt8w8yiq7a2eKzjL1zOeethiEmu8fJk3lfeJ5TBd/p+0PswF+RU+Z\ncTffRaJqiTlB8AcIRGftHa5r1KP5Xo0ihXguqhWdaHrJeGKKWAeme9g9pYDZeH++\nkMIvMr+uDvgEGz1+xuFxQqM0vOeulba1dIPBTFDq9pe3TdgTxZ3fx50=\n-----END RSA PRIVATE KEY-----\n",
            "public_key_fingerprint_md5": "6a:69:3c:5d:d8:9f:34:f0:df:72:0a:93:0c:a9:ae:70",
            "public_key_openssh": "ssh-rsa AAAAB3NzaC1yc2EAAAADAQABAAABAQC4J9Y2mqfDq3KdPlchd6yEVgJ8l3QIlDvtBGxFHrm3rc7cBsbuFZ8FyvME8apcStMyoMNaVtObNfhRmYQ35MrKXew1V2RrzFCkkc6fapycjDfFbxKC1QP4XUmFCnPtxvn/1C7RwunDqa8BKT+1Awz/eC4UTZsAfTvPRkEdL6NtDnM6CUcc9r0si2vtTjobV8dCK3GiqpJTfEdgA6YWyRBtaA00sUmnSrd1PsssFcBskC+6SxdPT9AgcmDLmIXT8pNGp+lDc9/AQ8LiZO/vlPhhOvRrDmSpYj+1iEa5CJ1ulwFCydTAM7KEENBwavNTAZVn0l8CCV+IV1Q+yEYRKANz\n",
            "public_key_pem": "-----BEGIN PUBLIC KEY-----\nMIIBIjANBgkqhkiG9w0BAQEFAAOCAQ8AMIIBCgKCAQEAuCfWNpqnw6tynT5XIXes\nhFYCfJd0CJQ77QRsRR65t63O3AbG7hWfBcrzBPGqXErTMqDDWlbTmzX4UZmEN+TK\nyl3sNVdka8xQpJHOn2qcnIw3xW8SgtUD+F1JhQpz7cb5/9Qu0cLpw6mvASk/tQMM\n/3guFE2bAH07z0ZBHS+jbQ5zOglHHPa9LItr7U46G1fHQitxoqqSU3xHYAOmFskQ\nbWgNNLFJp0q3dT7LLBXAbJAvuksXT0/QIHJgy5iF0/KTRqfpQ3PfwEPC4mTv75T4\nYTr0aw5kqWI/tYhGuQidbpcBQsnUwDOyhBDQcGrzUwGVZ9JfAglfiFdUPshGESgD\ncwIDAQAB\n-----END PUBLIC KEY-----\n",
            "rsa_bits": 2048
          },
          "sensitive_attributes": [],
          "private": "bnVsbA=="
        }
      ]
    },
    {
      "mode": "managed",
      "type": "tls_self_signed_cert",
      "name": "example",
      "provider": "provider[\"registry.terraform.io/hashicorp/tls\"]",
      "instances": [
        {
          "schema_version": 0,
          "attributes": {
            "allowed_uses": [
              "key_encipherment",
              "digital_signature",
              "server_auth"
            ],
            "cert_pem": "-----BEGIN CERTIFICATE-----\nMIIDJTCCAg2gAwIBAgIQHiq8LM0Z9y1w9qsQ2WGZwDANBgkqhkiG9w0BAQsFADAz\nMRswGQYDVQQKExJBQ01FIEV4YW1wbGVzLCBJbmMxFDASBgNVBAMTC2V4YW1wbGUu\nY29tMB4XDTIxMTAyMzIwNDg1OFoXDTIxMTAyNDA4NDg1OFowMzEbMBkGA1UEChMS\nQUNNRSBFeGFtcGxlcywgSW5jMRQwEgYDVQQDEwtleGFtcGxlLmNvbTCCASIwDQYJ\nKoZIhvcNAQEBBQADggEPADCCAQoCggEBALgn1jaap8Orcp0+VyF3rIRWAnyXdAiU\nO+0EbEUeubetztwGxu4VnwXK8wTxqlxK0zKgw1pW05s1+FGZhDfkyspd7DVXZGvM\nUKSRzp9qnJyMN8VvEoLVA/hdSYUKc+3G+f/ULtHC6cOprwEpP7UDDP94LhRNmwB9\nO89GQR0vo20OczoJRxz2vSyLa+1OOhtXx0IrcaKqklN8R2ADphbJEG1oDTSxSadK\nt3U+yywVwGyQL7pLF09P0CByYMuYhdPyk0an6UNz38BDwuJk7++U+GE69GsOZKli\nP7WIRrkInW6XAULJ1MAzsoQQ0HBq81MBlWfSXwIJX4hXVD7IRhEoA3MCAwEAAaM1\nMDMwDgYDVR0PAQH/BAQDAgWgMBMGA1UdJQQMMAoGCCsGAQUFBwMBMAwGA1UdEwEB\n/wQCMAAwDQYJKoZIhvcNAQELBQADggEBAEYgnIu2T/smWfdkxrNfIbP8SzM0E34a\nC2kesBPy0Nm0fKX8yC+Ivh0Q3Ps9huAaubTFRGw/Jv6zAnTLkFQw8wtbh1SlqTfc\noLqJ2qwGJ2MYYS90b7ctVKmrDNZGyD5CoZrWazGah1jyVqAqBhLzh455fViYjCJ1\n6mfRogMu3WXcvgNxJFJytK2ii7hYxKvouM+QFThI5cEIvyM0VtYAbdt2Ei/oU2D2\nxCGZiVxv/ouZewtrJ7oOADAfbu17XO9vMXfHKGF+MYriRZVnLTJ9UwNKt/hpremA\naIo/3WKjTazYYN0PRns2Ug0Udzhs9wQCUEvJYTzhbwqaYdTgLuIjHsw=\n-----END CERTIFICATE-----\n",
            "dns_names": null,
            "early_renewal_hours": 0,
            "id": "40098732984126393510813787256032172480",
            "ip_addresses": null,
            "is_ca_certificate": null,
            "key_algorithm": "RSA",
            "private_key_pem": "39dfecc4a45314e412e8dd85b7e649a216ce9f5e",
            "ready_for_renewal": false,
            "set_subject_key_id": null,
            "subject": [
              {
                "common_name": "example.com",
                "country": "",
                "locality": "",
                "organization": "ACME Examples, Inc",
                "organizational_unit": "",
                "postal_code": "",
                "province": "",
                "serial_number": "",
                "street_address": []
              }
            ],
            "uris": null,
            "validity_end_time": "2021-10-24T04:48:58.708937-04:00",
            "validity_period_hours": 12,
            "validity_start_time": "2021-10-23T16:48:58.708937-04:00"
          },
          "sensitive_attributes": [
            [
              {
                "type": "get_attr",
                "value": "private_key_pem"
              }
            ]
          ],
          "private": "bnVsbA==",
          "dependencies": [
            "tls_private_key.example"
          ]
        }
      ]
    },
    {
      "module": "module.vpc",
      "mode": "managed",
      "type": "aws_eip",
      "name": "nat",
      "provider": "provider[\"registry.terraform.io/hashicorp/aws\"]",
      "instances": [
        {
          "index_key": 0,
          "schema_version": 0,
          "attributes": {
            "address": null,
            "allocation_id": null,
            "associate_with_private_ip": null,
            "association_id": "eipassoc-0f89fa795f8c3ba69",
            "carrier_ip": "",
            "customer_owned_ip": "",
            "customer_owned_ipv4_pool": "",
            "domain": "vpc",
            "id": "eipalloc-0a7d43f4efb87c676",
            "instance": "",
            "network_border_group": "us-east-1",
            "network_interface": "eni-01152df5b52498c99",
            "private_dns": "ip-10-10-10-121.ec2.internal",
            "private_ip": "10.10.10.121",
            "public_dns": "ec2-18-204-40-211.compute-1.amazonaws.com",
            "public_ip": "18.204.40.211",
            "public_ipv4_pool": "amazon",
            "tags": {
              "Name": "sandbox-us-east-1a"
            },
            "tags_all": {
              "Name": "sandbox-us-east-1a"
            },
            "timeouts": null,
            "vpc": true
          },
          "sensitive_attributes": [],
          "private": "eyJlMmJmYjczMC1lY2FhLTExZTYtOGY4OC0zNDM2M2JjN2M0YzAiOnsiZGVsZXRlIjoxODAwMDAwMDAwMDAsInJlYWQiOjkwMDAwMDAwMDAwMCwidXBkYXRlIjozMDAwMDAwMDAwMDB9fQ=="
        }
      ]
    },
    {
      "module": "module.vpc",
      "mode": "managed",
      "type": "aws_internet_gateway",
      "name": "this",
      "provider": "provider[\"registry.terraform.io/hashicorp/aws\"]",
      "instances": [
        {
          "index_key": 0,
          "schema_version": 0,
          "attributes": {
            "arn": "arn:aws:ec2:us-east-1:299541157397:internet-gateway/igw-0d3cdb96232f7bede",
            "id": "igw-0d3cdb96232f7bede",
            "owner_id": "299541157397",
            "tags": {
              "Name": "sandbox"
            },
            "tags_all": {
              "Name": "sandbox"
            },
            "vpc_id": "vpc-0acbf1a0f5da9f57b"
          },
          "sensitive_attributes": [],
          "private": "bnVsbA==",
          "dependencies": [
            "module.vpc.aws_vpc.this",
            "module.vpc.aws_vpc_ipv4_cidr_block_association.this"
          ]
        }
      ]
    },
    {
      "module": "module.vpc",
      "mode": "managed",
      "type": "aws_nat_gateway",
      "name": "this",
      "provider": "provider[\"registry.terraform.io/hashicorp/aws\"]",
      "instances": [
        {
          "index_key": 0,
          "schema_version": 0,
          "attributes": {
            "allocation_id": "eipalloc-0a7d43f4efb87c676",
            "connectivity_type": "public",
            "id": "nat-0a6f8bfc41e13f500",
            "network_interface_id": "eni-01152df5b52498c99",
            "private_ip": "10.10.10.121",
            "public_ip": "18.204.40.211",
            "subnet_id": "subnet-0987df216ab6e9f00",
            "tags": {
              "Name": "sandbox-us-east-1a"
            },
            "tags_all": {
              "Name": "sandbox-us-east-1a"
            }
          },
          "sensitive_attributes": [],
          "private": "bnVsbA==",
          "dependencies": [
            "module.vpc.aws_eip.nat",
            "module.vpc.aws_internet_gateway.this",
            "module.vpc.aws_subnet.public",
            "module.vpc.aws_vpc.this",
            "module.vpc.aws_vpc_ipv4_cidr_block_association.this"
          ]
        }
      ]
    },
    {
      "module": "module.vpc",
      "mode": "managed",
      "type": "aws_route",
      "name": "private_nat_gateway",
      "provider": "provider[\"registry.terraform.io/hashicorp/aws\"]",
      "instances": [
        {
          "index_key": 0,
          "schema_version": 0,
          "attributes": {
            "carrier_gateway_id": "",
            "destination_cidr_block": "0.0.0.0/0",
            "destination_ipv6_cidr_block": "",
            "destination_prefix_list_id": "",
            "egress_only_gateway_id": "",
            "gateway_id": "",
            "id": "r-rtb-07e1b0388955493261080289494",
            "instance_id": "",
            "instance_owner_id": "",
            "local_gateway_id": "",
            "nat_gateway_id": "nat-0a6f8bfc41e13f500",
            "network_interface_id": "",
            "origin": "CreateRoute",
            "route_table_id": "rtb-07e1b038895549326",
            "state": "active",
            "timeouts": {
              "create": "5m",
              "delete": null,
              "update": null
            },
            "transit_gateway_id": "",
            "vpc_endpoint_id": "",
            "vpc_peering_connection_id": ""
          },
          "sensitive_attributes": [],
          "private": "eyJlMmJmYjczMC1lY2FhLTExZTYtOGY4OC0zNDM2M2JjN2M0YzAiOnsiY3JlYXRlIjozMDAwMDAwMDAwMDAsImRlbGV0ZSI6MzAwMDAwMDAwMDAwLCJ1cGRhdGUiOjEyMDAwMDAwMDAwMH19",
          "dependencies": [
            "module.vpc.aws_vpc.this",
            "module.vpc.aws_vpc_ipv4_cidr_block_association.this",
            "module.vpc.aws_eip.nat",
            "module.vpc.aws_internet_gateway.this",
            "module.vpc.aws_nat_gateway.this",
            "module.vpc.aws_route_table.private",
            "module.vpc.aws_subnet.public"
          ]
        }
      ]
    },
    {
      "module": "module.vpc",
      "mode": "managed",
      "type": "aws_route",
      "name": "public_internet_gateway",
      "provider": "provider[\"registry.terraform.io/hashicorp/aws\"]",
      "instances": [
        {
          "index_key": 0,
          "schema_version": 0,
          "attributes": {
            "carrier_gateway_id": "",
            "destination_cidr_block": "0.0.0.0/0",
            "destination_ipv6_cidr_block": "",
            "destination_prefix_list_id": "",
            "egress_only_gateway_id": "",
            "gateway_id": "igw-0d3cdb96232f7bede",
            "id": "r-rtb-0d5f790cb8aac4c1f1080289494",
            "instance_id": "",
            "instance_owner_id": "",
            "local_gateway_id": "",
            "nat_gateway_id": "",
            "network_interface_id": "",
            "origin": "CreateRoute",
            "route_table_id": "rtb-0d5f790cb8aac4c1f",
            "state": "active",
            "timeouts": {
              "create": "5m",
              "delete": null,
              "update": null
            },
            "transit_gateway_id": "",
            "vpc_endpoint_id": "",
            "vpc_peering_connection_id": ""
          },
          "sensitive_attributes": [],
          "private": "eyJlMmJmYjczMC1lY2FhLTExZTYtOGY4OC0zNDM2M2JjN2M0YzAiOnsiY3JlYXRlIjozMDAwMDAwMDAwMDAsImRlbGV0ZSI6MzAwMDAwMDAwMDAwLCJ1cGRhdGUiOjEyMDAwMDAwMDAwMH19",
          "dependencies": [
            "module.vpc.aws_internet_gateway.this",
            "module.vpc.aws_route_table.public",
            "module.vpc.aws_vpc.this",
            "module.vpc.aws_vpc_ipv4_cidr_block_association.this"
          ]
        }
      ]
    },
    {
      "module": "module.vpc",
      "mode": "managed",
      "type": "aws_route_table",
      "name": "private",
      "provider": "provider[\"registry.terraform.io/hashicorp/aws\"]",
      "instances": [
        {
          "index_key": 0,
          "schema_version": 0,
          "attributes": {
            "arn": "arn:aws:ec2:us-east-1:299541157397:route-table/rtb-07e1b038895549326",
            "id": "rtb-07e1b038895549326",
            "owner_id": "299541157397",
            "propagating_vgws": [],
            "route": [
              {
                "carrier_gateway_id": "",
                "cidr_block": "0.0.0.0/0",
                "destination_prefix_list_id": "",
                "egress_only_gateway_id": "",
                "gateway_id": "",
                "instance_id": "",
                "ipv6_cidr_block": "",
                "local_gateway_id": "",
                "nat_gateway_id": "nat-0a6f8bfc41e13f500",
                "network_interface_id": "",
                "transit_gateway_id": "",
                "vpc_endpoint_id": "",
                "vpc_peering_connection_id": ""
              }
            ],
            "tags": {
              "Name": "sandbox-private"
            },
            "tags_all": {
              "Name": "sandbox-private"
            },
            "timeouts": null,
            "vpc_id": "vpc-0acbf1a0f5da9f57b"
          },
          "sensitive_attributes": [],
          "private": "eyJlMmJmYjczMC1lY2FhLTExZTYtOGY4OC0zNDM2M2JjN2M0YzAiOnsiY3JlYXRlIjoxMjAwMDAwMDAwMDAsImRlbGV0ZSI6MzAwMDAwMDAwMDAwLCJ1cGRhdGUiOjEyMDAwMDAwMDAwMH19",
          "dependencies": [
            "module.vpc.aws_vpc.this",
            "module.vpc.aws_vpc_ipv4_cidr_block_association.this"
          ]
        }
      ]
    },
    {
      "module": "module.vpc",
      "mode": "managed",
      "type": "aws_route_table",
      "name": "public",
      "provider": "provider[\"registry.terraform.io/hashicorp/aws\"]",
      "instances": [
        {
          "index_key": 0,
          "schema_version": 0,
          "attributes": {
            "arn": "arn:aws:ec2:us-east-1:299541157397:route-table/rtb-0d5f790cb8aac4c1f",
            "id": "rtb-0d5f790cb8aac4c1f",
            "owner_id": "299541157397",
            "propagating_vgws": [],
            "route": [
              {
                "carrier_gateway_id": "",
                "cidr_block": "0.0.0.0/0",
                "destination_prefix_list_id": "",
                "egress_only_gateway_id": "",
                "gateway_id": "igw-0d3cdb96232f7bede",
                "instance_id": "",
                "ipv6_cidr_block": "",
                "local_gateway_id": "",
                "nat_gateway_id": "",
                "network_interface_id": "",
                "transit_gateway_id": "",
                "vpc_endpoint_id": "",
                "vpc_peering_connection_id": ""
              }
            ],
            "tags": {
              "Name": "sandbox-public"
            },
            "tags_all": {
              "Name": "sandbox-public"
            },
            "timeouts": null,
            "vpc_id": "vpc-0acbf1a0f5da9f57b"
          },
          "sensitive_attributes": [],
          "private": "eyJlMmJmYjczMC1lY2FhLTExZTYtOGY4OC0zNDM2M2JjN2M0YzAiOnsiY3JlYXRlIjoxMjAwMDAwMDAwMDAsImRlbGV0ZSI6MzAwMDAwMDAwMDAwLCJ1cGRhdGUiOjEyMDAwMDAwMDAwMH19",
          "dependencies": [
            "module.vpc.aws_vpc.this",
            "module.vpc.aws_vpc_ipv4_cidr_block_association.this"
          ]
        }
      ]
    },
    {
      "module": "module.vpc",
      "mode": "managed",
      "type": "aws_route_table_association",
      "name": "private",
      "provider": "provider[\"registry.terraform.io/hashicorp/aws\"]",
      "instances": [
        {
          "index_key": 0,
          "schema_version": 0,
          "attributes": {
            "gateway_id": "",
            "id": "rtbassoc-030fc5f7a213609f5",
            "route_table_id": "rtb-07e1b038895549326",
            "subnet_id": "subnet-0c154dc41d9628868"
          },
          "sensitive_attributes": [],
          "private": "bnVsbA==",
          "dependencies": [
            "module.vpc.aws_route_table.private",
            "module.vpc.aws_subnet.private",
            "module.vpc.aws_vpc.this",
            "module.vpc.aws_vpc_ipv4_cidr_block_association.this"
          ]
        },
        {
          "index_key": 1,
          "schema_version": 0,
          "attributes": {
            "gateway_id": "",
            "id": "rtbassoc-05f2ac32b5bf203de",
            "route_table_id": "rtb-07e1b038895549326",
            "subnet_id": "subnet-05a20efb66e5c3c81"
          },
          "sensitive_attributes": [],
          "private": "bnVsbA==",
          "dependencies": [
            "module.vpc.aws_route_table.private",
            "module.vpc.aws_subnet.private",
            "module.vpc.aws_vpc.this",
            "module.vpc.aws_vpc_ipv4_cidr_block_association.this"
          ]
        },
        {
          "index_key": 2,
          "schema_version": 0,
          "attributes": {
            "gateway_id": "",
            "id": "rtbassoc-0eb52763f7050f9f5",
            "route_table_id": "rtb-07e1b038895549326",
            "subnet_id": "subnet-0dac666104124a339"
          },
          "sensitive_attributes": [],
          "private": "bnVsbA==",
          "dependencies": [
            "module.vpc.aws_route_table.private",
            "module.vpc.aws_subnet.private",
            "module.vpc.aws_vpc.this",
            "module.vpc.aws_vpc_ipv4_cidr_block_association.this"
          ]
        }
      ]
    },
    {
      "module": "module.vpc",
      "mode": "managed",
      "type": "aws_route_table_association",
      "name": "public",
      "provider": "provider[\"registry.terraform.io/hashicorp/aws\"]",
      "instances": [
        {
          "index_key": 0,
          "schema_version": 0,
          "attributes": {
            "gateway_id": "",
            "id": "rtbassoc-0c86c6a9bc398fc4f",
            "route_table_id": "rtb-0d5f790cb8aac4c1f",
            "subnet_id": "subnet-0987df216ab6e9f00"
          },
          "sensitive_attributes": [],
          "private": "bnVsbA==",
          "dependencies": [
            "module.vpc.aws_route_table.public",
            "module.vpc.aws_subnet.public",
            "module.vpc.aws_vpc.this",
            "module.vpc.aws_vpc_ipv4_cidr_block_association.this"
          ]
        },
        {
          "index_key": 1,
          "schema_version": 0,
          "attributes": {
            "gateway_id": "",
            "id": "rtbassoc-03f9a59b25ccfca1d",
            "route_table_id": "rtb-0d5f790cb8aac4c1f",
            "subnet_id": "subnet-0255d9b81842cc4f3"
          },
          "sensitive_attributes": [],
          "private": "bnVsbA==",
          "dependencies": [
            "module.vpc.aws_vpc.this",
            "module.vpc.aws_vpc_ipv4_cidr_block_association.this",
            "module.vpc.aws_route_table.public",
            "module.vpc.aws_subnet.public"
          ]
        },
        {
          "index_key": 2,
          "schema_version": 0,
          "attributes": {
            "gateway_id": "",
            "id": "rtbassoc-049b7a00022925c1d",
            "route_table_id": "rtb-0d5f790cb8aac4c1f",
            "subnet_id": "subnet-03decd5b5d3c309e2"
          },
          "sensitive_attributes": [],
          "private": "bnVsbA==",
          "dependencies": [
            "module.vpc.aws_subnet.public",
            "module.vpc.aws_vpc.this",
            "module.vpc.aws_vpc_ipv4_cidr_block_association.this",
            "module.vpc.aws_route_table.public"
          ]
        }
      ]
    },
    {
      "module": "module.vpc",
      "mode": "managed",
      "type": "aws_subnet",
      "name": "private",
      "provider": "provider[\"registry.terraform.io/hashicorp/aws\"]",
      "instances": [
        {
          "index_key": 0,
          "schema_version": 1,
          "attributes": {
            "arn": "arn:aws:ec2:us-east-1:299541157397:subnet/subnet-0c154dc41d9628868",
            "assign_ipv6_address_on_creation": false,
            "availability_zone": "us-east-1a",
            "availability_zone_id": "use1-az6",
            "cidr_block": "10.10.10.0/27",
            "customer_owned_ipv4_pool": "",
            "id": "subnet-0c154dc41d9628868",
            "ipv6_cidr_block": "",
            "ipv6_cidr_block_association_id": "",
            "map_customer_owned_ip_on_launch": false,
            "map_public_ip_on_launch": false,
            "outpost_arn": "",
            "owner_id": "299541157397",
            "tags": {
              "Name": "sandbox-private-us-east-1a"
            },
            "tags_all": {
              "Name": "sandbox-private-us-east-1a"
            },
            "timeouts": null,
            "vpc_id": "vpc-0acbf1a0f5da9f57b"
          },
          "sensitive_attributes": [],
          "private": "eyJlMmJmYjczMC1lY2FhLTExZTYtOGY4OC0zNDM2M2JjN2M0YzAiOnsiY3JlYXRlIjo2MDAwMDAwMDAwMDAsImRlbGV0ZSI6MTIwMDAwMDAwMDAwMH0sInNjaGVtYV92ZXJzaW9uIjoiMSJ9",
          "dependencies": [
            "module.vpc.aws_vpc_ipv4_cidr_block_association.this",
            "module.vpc.aws_vpc.this"
          ]
        },
        {
          "index_key": 1,
          "schema_version": 1,
          "attributes": {
            "arn": "arn:aws:ec2:us-east-1:299541157397:subnet/subnet-05a20efb66e5c3c81",
            "assign_ipv6_address_on_creation": false,
            "availability_zone": "us-east-1b",
            "availability_zone_id": "use1-az1",
            "cidr_block": "10.10.10.32/27",
            "customer_owned_ipv4_pool": "",
            "id": "subnet-05a20efb66e5c3c81",
            "ipv6_cidr_block": "",
            "ipv6_cidr_block_association_id": "",
            "map_customer_owned_ip_on_launch": false,
            "map_public_ip_on_launch": false,
            "outpost_arn": "",
            "owner_id": "299541157397",
            "tags": {
              "Name": "sandbox-private-us-east-1b"
            },
            "tags_all": {
              "Name": "sandbox-private-us-east-1b"
            },
            "timeouts": null,
            "vpc_id": "vpc-0acbf1a0f5da9f57b"
          },
          "sensitive_attributes": [],
          "private": "eyJlMmJmYjczMC1lY2FhLTExZTYtOGY4OC0zNDM2M2JjN2M0YzAiOnsiY3JlYXRlIjo2MDAwMDAwMDAwMDAsImRlbGV0ZSI6MTIwMDAwMDAwMDAwMH0sInNjaGVtYV92ZXJzaW9uIjoiMSJ9",
          "dependencies": [
            "module.vpc.aws_vpc.this",
            "module.vpc.aws_vpc_ipv4_cidr_block_association.this"
          ]
        },
        {
          "index_key": 2,
          "schema_version": 1,
          "attributes": {
            "arn": "arn:aws:ec2:us-east-1:299541157397:subnet/subnet-0dac666104124a339",
            "assign_ipv6_address_on_creation": false,
            "availability_zone": "us-east-1c",
            "availability_zone_id": "use1-az2",
            "cidr_block": "10.10.10.64/27",
            "customer_owned_ipv4_pool": "",
            "id": "subnet-0dac666104124a339",
            "ipv6_cidr_block": "",
            "ipv6_cidr_block_association_id": "",
            "map_customer_owned_ip_on_launch": false,
            "map_public_ip_on_launch": false,
            "outpost_arn": "",
            "owner_id": "299541157397",
            "tags": {
              "Name": "sandbox-private-us-east-1c"
            },
            "tags_all": {
              "Name": "sandbox-private-us-east-1c"
            },
            "timeouts": null,
            "vpc_id": "vpc-0acbf1a0f5da9f57b"
          },
          "sensitive_attributes": [],
          "private": "eyJlMmJmYjczMC1lY2FhLTExZTYtOGY4OC0zNDM2M2JjN2M0YzAiOnsiY3JlYXRlIjo2MDAwMDAwMDAwMDAsImRlbGV0ZSI6MTIwMDAwMDAwMDAwMH0sInNjaGVtYV92ZXJzaW9uIjoiMSJ9",
          "dependencies": [
            "module.vpc.aws_vpc.this",
            "module.vpc.aws_vpc_ipv4_cidr_block_association.this"
          ]
        }
      ]
    },
    {
      "module": "module.vpc",
      "mode": "managed",
      "type": "aws_subnet",
      "name": "public",
      "provider": "provider[\"registry.terraform.io/hashicorp/aws\"]",
      "instances": [
        {
          "index_key": 0,
          "schema_version": 1,
          "attributes": {
            "arn": "arn:aws:ec2:us-east-1:299541157397:subnet/subnet-0987df216ab6e9f00",
            "assign_ipv6_address_on_creation": false,
            "availability_zone": "us-east-1a",
            "availability_zone_id": "use1-az6",
            "cidr_block": "10.10.10.96/27",
            "customer_owned_ipv4_pool": "",
            "id": "subnet-0987df216ab6e9f00",
            "ipv6_cidr_block": "",
            "ipv6_cidr_block_association_id": "",
            "map_customer_owned_ip_on_launch": false,
            "map_public_ip_on_launch": true,
            "outpost_arn": "",
            "owner_id": "299541157397",
            "tags": {
              "Name": "sandbox-public-us-east-1a"
            },
            "tags_all": {
              "Name": "sandbox-public-us-east-1a"
            },
            "timeouts": null,
            "vpc_id": "vpc-0acbf1a0f5da9f57b"
          },
          "sensitive_attributes": [],
          "private": "eyJlMmJmYjczMC1lY2FhLTExZTYtOGY4OC0zNDM2M2JjN2M0YzAiOnsiY3JlYXRlIjo2MDAwMDAwMDAwMDAsImRlbGV0ZSI6MTIwMDAwMDAwMDAwMH0sInNjaGVtYV92ZXJzaW9uIjoiMSJ9",
          "dependencies": [
            "module.vpc.aws_vpc.this",
            "module.vpc.aws_vpc_ipv4_cidr_block_association.this"
          ]
        },
        {
          "index_key": 1,
          "schema_version": 1,
          "attributes": {
            "arn": "arn:aws:ec2:us-east-1:299541157397:subnet/subnet-0255d9b81842cc4f3",
            "assign_ipv6_address_on_creation": false,
            "availability_zone": "us-east-1b",
            "availability_zone_id": "use1-az1",
            "cidr_block": "10.10.10.128/27",
            "customer_owned_ipv4_pool": "",
            "id": "subnet-0255d9b81842cc4f3",
            "ipv6_cidr_block": "",
            "ipv6_cidr_block_association_id": "",
            "map_customer_owned_ip_on_launch": false,
            "map_public_ip_on_launch": true,
            "outpost_arn": "",
            "owner_id": "299541157397",
            "tags": {
              "Name": "sandbox-public-us-east-1b"
            },
            "tags_all": {
              "Name": "sandbox-public-us-east-1b"
            },
            "timeouts": null,
            "vpc_id": "vpc-0acbf1a0f5da9f57b"
          },
          "sensitive_attributes": [],
          "private": "eyJlMmJmYjczMC1lY2FhLTExZTYtOGY4OC0zNDM2M2JjN2M0YzAiOnsiY3JlYXRlIjo2MDAwMDAwMDAwMDAsImRlbGV0ZSI6MTIwMDAwMDAwMDAwMH0sInNjaGVtYV92ZXJzaW9uIjoiMSJ9",
          "dependencies": [
            "module.vpc.aws_vpc.this",
            "module.vpc.aws_vpc_ipv4_cidr_block_association.this"
          ]
        },
        {
          "index_key": 2,
          "schema_version": 1,
          "attributes": {
            "arn": "arn:aws:ec2:us-east-1:299541157397:subnet/subnet-03decd5b5d3c309e2",
            "assign_ipv6_address_on_creation": false,
            "availability_zone": "us-east-1c",
            "availability_zone_id": "use1-az2",
            "cidr_block": "10.10.10.160/27",
            "customer_owned_ipv4_pool": "",
            "id": "subnet-03decd5b5d3c309e2",
            "ipv6_cidr_block": "",
            "ipv6_cidr_block_association_id": "",
            "map_customer_owned_ip_on_launch": false,
            "map_public_ip_on_launch": true,
            "outpost_arn": "",
            "owner_id": "299541157397",
            "tags": {
              "Name": "sandbox-public-us-east-1c"
            },
            "tags_all": {
              "Name": "sandbox-public-us-east-1c"
            },
            "timeouts": null,
            "vpc_id": "vpc-0acbf1a0f5da9f57b"
          },
          "sensitive_attributes": [],
          "private": "eyJlMmJmYjczMC1lY2FhLTExZTYtOGY4OC0zNDM2M2JjN2M0YzAiOnsiY3JlYXRlIjo2MDAwMDAwMDAwMDAsImRlbGV0ZSI6MTIwMDAwMDAwMDAwMH0sInNjaGVtYV92ZXJzaW9uIjoiMSJ9",
          "dependencies": [
            "module.vpc.aws_vpc.this",
            "module.vpc.aws_vpc_ipv4_cidr_block_association.this"
          ]
        }
      ]
    },
    {
      "module": "module.vpc",
      "mode": "managed",
      "type": "aws_vpc",
      "name": "this",
      "provider": "provider[\"registry.terraform.io/hashicorp/aws\"]",
      "instances": [
        {
          "index_key": 0,
          "schema_version": 1,
          "attributes": {
            "arn": "arn:aws:ec2:us-east-1:299541157397:vpc/vpc-0acbf1a0f5da9f57b",
            "assign_generated_ipv6_cidr_block": false,
            "cidr_block": "10.10.10.0/24",
            "default_network_acl_id": "acl-081d0a47b29c75423",
            "default_route_table_id": "rtb-06df53e6f7a6822de",
            "default_security_group_id": "sg-05f9b0270c9c3fe99",
            "dhcp_options_id": "dopt-de41a6bb",
            "enable_classiclink": false,
            "enable_classiclink_dns_support": false,
            "enable_dns_hostnames": false,
            "enable_dns_support": true,
            "id": "vpc-0acbf1a0f5da9f57b",
            "instance_tenancy": "default",
            "ipv6_association_id": "",
            "ipv6_cidr_block": "",
            "main_route_table_id": "rtb-06df53e6f7a6822de",
            "owner_id": "299541157397",
            "tags": {
              "Name": "sandbox"
            },
            "tags_all": {
              "Name": "sandbox"
            }
          },
          "sensitive_attributes": [],
          "private": "eyJzY2hlbWFfdmVyc2lvbiI6IjEifQ=="
        }
      ]
    }
  ]
}
