{
  "version": 4,
  "terraform_version": "1.0.4",
  "serial": 10,
  "lineage": "db2716a5-f470-cc82-8cad-43cbd00dff7e",
  "outputs": {},
  "resources": [
    {
      "mode": "data",
      "type": "aws_caller_identity",
      "name": "current",
      "provider": "provider[\"registry.terraform.io/hashicorp/aws\"]",
      "instances": [
        {
          "schema_version": 0,
          "attributes": {
            "account_id": "422873008393",
            "arn": "arn:aws:sts::422873008393:assumed-role/AWSReservedSSO_AdministratorAccess_a731267d3e30cd37/erfangc",
            "id": "422873008393",
            "user_id": "AROAWE5JSBEESYLA5FSR2:erfangc"
          },
          "sensitive_attributes": []
        }
      ]
    },
    {
      "mode": "data",
      "type": "aws_region",
      "name": "current",
      "provider": "provider[\"registry.terraform.io/hashicorp/aws\"]",
      "instances": [
        {
          "schema_version": 0,
          "attributes": {
            "description": "US East (N. Virginia)",
            "endpoint": "ec2.us-east-1.amazonaws.com",
            "id": "us-east-1",
            "name": "us-east-1"
          },
          "sensitive_attributes": []
        }
      ]
    },
    {
      "mode": "managed",
      "type": "aws_dynamodb_table",
      "name": "assets",
      "provider": "provider[\"registry.terraform.io/hashicorp/aws\"]",
      "instances": [
        {
          "schema_version": 1,
          "attributes": {
            "arn": "arn:aws:dynamodb:us-east-1:422873008393:table/assets",
            "attribute": [
              {
                "name": "assetId",
                "type": "S"
              }
            ],
            "billing_mode": "PAY_PER_REQUEST",
            "global_secondary_index": [],
            "hash_key": "assetId",
            "id": "assets",
            "local_secondary_index": [],
            "name": "assets",
            "point_in_time_recovery": [
              {
                "enabled": true
              }
            ],
            "range_key": null,
            "read_capacity": 0,
            "replica": [],
            "server_side_encryption": [],
            "stream_arn": "arn:aws:dynamodb:us-east-1:422873008393:table/assets/stream/2021-10-30T14:56:55.465",
            "stream_enabled": true,
            "stream_label": "2021-10-30T14:56:55.465",
            "stream_view_type": "NEW_AND_OLD_IMAGES",
            "tags": {},
            "tags_all": {},
            "timeouts": null,
            "ttl": [
              {
                "attribute_name": "",
                "enabled": false,
                "kms_key_arn": ""
              }
            ],
            "write_capacity": 0
          },
          "sensitive_attributes": [],
          "private": "eyJlMmJmYjczMC1lY2FhLTExZTYtOGY4OC0zNDM2M2JjN2M0YzAiOnsiY3JlYXRlIjoxMjAwMDAwMDAwMDAwLCJkZWxldGUiOjYwMDAwMDAwMDAwMCwidXBkYXRlIjozNjAwMDAwMDAwMDAwfSwic2NoZW1hX3ZlcnNpb24iOiIxIn0="
        }
      ]
    },
    {
      "mode": "managed",
      "type": "aws_iam_policy",
      "name": "allow-ddb-access",
      "provider": "provider[\"registry.terraform.io/hashicorp/aws\"]",
      "instances": [
        {
          "schema_version": 0,
          "attributes": {
            "arn": "arn:aws:iam::422873008393:policy/AllowDynamoDBAccess",
            "description": "",
            "id": "arn:aws:iam::422873008393:policy/AllowDynamoDBAccess",
            "name": "AllowDynamoDBAccess",
            "name_prefix": null,
            "path": "/",
            "policy": "{\"Statement\":[{\"Action\":[\"dynamodb:BatchGetItem\",\"dynamodb:BatchWriteItem\",\"dynamodb:PutItem\",\"dynamodb:DescribeTable\",\"dynamodb:DeleteItem\",\"dynamodb:GetItem\",\"dynamodb:Scan\",\"dynamodb:Query\",\"dynamodb:UpdateItem\",\"dynamodb:ListTables\"],\"Effect\":\"Allow\",\"Resource\":\"*\",\"Sid\":\"Sid0\"}],\"Version\":\"2012-10-17\"}",
            "policy_id": "ANPAWE5JSBEE7RGDCGCG6",
            "tags": {},
            "tags_all": {}
          },
          "sensitive_attributes": [],
          "private": "bnVsbA=="
        }
      ]
    },
    {
      "mode": "managed",
      "type": "aws_iam_policy_attachment",
      "name": "allow-ddb-access-prod-ddb-sync",
      "provider": "provider[\"registry.terraform.io/hashicorp/aws\"]",
      "instances": [
        {
          "schema_version": 0,
          "attributes": {
            "groups": [],
            "id": "allow-ddb-access-prod-ddb-sync",
            "name": "allow-ddb-access-prod-ddb-sync",
            "policy_arn": "arn:aws:iam::422873008393:policy/AllowDynamoDBAccess",
            "roles": [
              "ProductionDynamoDBSyncRole"
            ],
            "users": []
          },
          "sensitive_attributes": [],
          "private": "bnVsbA==",
          "dependencies": [
            "aws_iam_policy.allow-ddb-access",
            "aws_iam_role.prod-ddb-sync"
          ]
        }
      ]
    },
    {
      "mode": "managed",
      "type": "aws_iam_role",
      "name": "prod-ddb-sync",
      "provider": "provider[\"registry.terraform.io/hashicorp/aws\"]",
      "instances": [
        {
          "schema_version": 0,
          "attributes": {
            "arn": "arn:aws:iam::422873008393:role/ProductionDynamoDBSyncRole",
            "assume_role_policy": "{\"Version\":\"2012-10-17\",\"Statement\":[{\"Effect\":\"Allow\",\"Principal\":{\"AWS\":\"arn:aws:iam::299541157397:root\"},\"Action\":\"sts:AssumeRole\",\"Condition\":{}}]}",
            "create_date": "2021-10-30T15:18:43Z",
            "description": "Allow production account to access DynamoDB in this environment to keep them in sync",
            "force_detach_policies": false,
            "id": "ProductionDynamoDBSyncRole",
            "inline_policy": [
              {
                "name": "",
                "policy": ""
              }
            ],
            "managed_policy_arns": [
              "arn:aws:iam::422873008393:policy/AllowDynamoDBAccess"
            ],
            "max_session_duration": 3600,
            "name": "ProductionDynamoDBSyncRole",
            "name_prefix": "",
            "path": "/",
            "permissions_boundary": null,
            "tags": {
              "Env": "prod",
              "Name": "ProductionDynamoDBSyncRole"
            },
            "tags_all": {
              "Env": "prod",
              "Name": "ProductionDynamoDBSyncRole"
            },
            "unique_id": "AROAWE5JSBEET24W2FO7F"
          },
          "sensitive_attributes": [],
          "private": "bnVsbA=="
        }
      ]
    }
  ]
}
