{
  "version": 4,
  "terraform_version": "1.0.4",
  "serial": 205,
  "lineage": "db2716a5-f470-cc82-8cad-43cbd00dff7e",
  "outputs": {},
  "resources": [
    {
      "mode": "data",
      "type": "aws_caller_identity",
      "name": "current",
      "provider": "provider[\"registry.terraform.io/hashicorp/aws\"]",
      "instances": [
        {
          "schema_version": 0,
          "attributes": {
            "account_id": "422873008393",
            "arn": "arn:aws:iam::422873008393:user/dev",
            "id": "422873008393",
            "user_id": "AIDAWE5JSBEE7YRLJ6NH5"
          },
          "sensitive_attributes": []
        }
      ]
    },
    {
      "mode": "data",
      "type": "aws_region",
      "name": "current",
      "provider": "provider[\"registry.terraform.io/hashicorp/aws\"]",
      "instances": [
        {
          "schema_version": 0,
          "attributes": {
            "description": "US East (N. Virginia)",
            "endpoint": "ec2.us-east-1.amazonaws.com",
            "id": "us-east-1",
            "name": "us-east-1"
          },
          "sensitive_attributes": []
        }
      ]
    },
    {
      "mode": "managed",
      "type": "aws_elasticsearch_domain",
      "name": "esd",
      "provider": "provider[\"registry.terraform.io/hashicorp/aws\"]",
      "instances": [
        {
          "schema_version": 0,
          "attributes": {
            "access_policies": "{\"Statement\":[{\"Action\":\"es:*\",\"Effect\":\"Allow\",\"Principal\":\"*\",\"Resource\":\"arn:aws:es:us-east-1:422873008393:domain/elasticsearch-domain/*\"}],\"Version\":\"2012-10-17\"}",
            "advanced_options": {
              "override_main_response_version": "false",
              "rest.action.multi.allow_explicit_index": "true"
            },
            "advanced_security_options": [
              {
                "enabled": false,
                "internal_user_database_enabled": false,
                "master_user_options": []
              }
            ],
            "arn": "arn:aws:es:us-east-1:422873008393:domain/elasticsearch-domain",
            "cluster_config": [
              {
                "dedicated_master_count": 0,
                "dedicated_master_enabled": false,
                "dedicated_master_type": "",
                "instance_count": 3,
                "instance_type": "t3.small.elasticsearch",
                "warm_count": 0,
                "warm_enabled": false,
                "warm_type": "",
                "zone_awareness_config": [
                  {
                    "availability_zone_count": 3
                  }
                ],
                "zone_awareness_enabled": true
              }
            ],
            "cognito_options": [
              {
                "enabled": false,
                "identity_pool_id": "",
                "role_arn": "",
                "user_pool_id": ""
              }
            ],
            "domain_endpoint_options": [
              {
                "custom_endpoint": "",
                "custom_endpoint_certificate_arn": "",
                "custom_endpoint_enabled": false,
                "enforce_https": false,
                "tls_security_policy": "Policy-Min-TLS-1-0-2019-07"
              }
            ],
            "domain_id": "422873008393/elasticsearch-domain",
            "domain_name": "elasticsearch-domain",
            "ebs_options": [
              {
                "ebs_enabled": true,
                "iops": 0,
                "volume_size": 10,
                "volume_type": "gp2"
              }
            ],
            "elasticsearch_version": "7.10",
            "encrypt_at_rest": [
              {
                "enabled": false,
                "kms_key_id": ""
              }
            ],
            "endpoint": "vpc-elasticsearch-domain-kyypgiemagjl37ixpql53oldb4.us-east-1.es.amazonaws.com",
            "id": "arn:aws:es:us-east-1:422873008393:domain/elasticsearch-domain",
            "kibana_endpoint": "vpc-elasticsearch-domain-kyypgiemagjl37ixpql53oldb4.us-east-1.es.amazonaws.com/_plugin/kibana/",
            "log_publishing_options": [],
            "node_to_node_encryption": [
              {
                "enabled": false
              }
            ],
            "snapshot_options": [
              {
                "automated_snapshot_start_hour": 0
              }
            ],
            "tags": {},
            "tags_all": {},
            "timeouts": null,
            "vpc_options": [
              {
                "availability_zones": [
                  "us-east-1a",
                  "us-east-1b",
                  "us-east-1c"
                ],
                "security_group_ids": [
                  "sg-0c776b1c226fc85ed"
                ],
                "subnet_ids": [
                  "subnet-09db0011c9236480b",
                  "subnet-0c9dee9155688533d",
                  "subnet-0d1e25c39501ef7ed"
                ],
                "vpc_id": "vpc-0d2dc1cd9cfde6650"
              }
            ]
          },
          "sensitive_attributes": [],
          "private": "eyJlMmJmYjczMC1lY2FhLTExZTYtOGY4OC0zNDM2M2JjN2M0YzAiOnsidXBkYXRlIjozNjAwMDAwMDAwMDAwfX0=",
          "dependencies": [
            "data.aws_caller_identity.current",
            "data.aws_region.current",
            "module.vpc.aws_subnet.private",
            "module.vpc.aws_vpc.this",
            "module.vpc.aws_vpc_ipv4_cidr_block_association.this",
            "aws_security_group.elasticsearch-domain-sg"
          ]
        }
      ]
    },
    {
      "mode": "managed",
      "type": "aws_iam_policy",
      "name": "allow-ddb-access",
      "provider": "provider[\"registry.terraform.io/hashicorp/aws\"]",
      "instances": [
        {
          "schema_version": 0,
          "attributes": {
            "arn": "arn:aws:iam::422873008393:policy/AllowDynamoDBAccess",
            "description": "",
            "id": "arn:aws:iam::422873008393:policy/AllowDynamoDBAccess",
            "name": "AllowDynamoDBAccess",
            "name_prefix": null,
            "path": "/",
            "policy": "{\"Statement\":[{\"Action\":[\"dynamodb:BatchGetItem\",\"dynamodb:BatchWriteItem\",\"dynamodb:PutItem\",\"dynamodb:DescribeTable\",\"dynamodb:DeleteItem\",\"dynamodb:GetItem\",\"dynamodb:Scan\",\"dynamodb:Query\",\"dynamodb:UpdateItem\",\"dynamodb:ListTables\"],\"Effect\":\"Allow\",\"Resource\":\"*\",\"Sid\":\"Sid0\"}],\"Version\":\"2012-10-17\"}",
            "policy_id": "ANPAWE5JSBEEUSSWPWTYU",
            "tags": {},
            "tags_all": {}
          },
          "sensitive_attributes": [],
          "private": "bnVsbA=="
        }
      ]
    },
    {
      "mode": "managed",
      "type": "aws_iam_policy_attachment",
      "name": "allow-ddb-access-prod-ddb-sync",
      "provider": "provider[\"registry.terraform.io/hashicorp/aws\"]",
      "instances": [
        {
          "schema_version": 0,
          "attributes": {
            "groups": [],
            "id": "allow-ddb-access-prod-ddb-sync",
            "name": "allow-ddb-access-prod-ddb-sync",
            "policy_arn": "arn:aws:iam::422873008393:policy/AllowDynamoDBAccess",
            "roles": [
              "ProductionDynamoDBSyncRole"
            ],
            "users": []
          },
          "sensitive_attributes": [],
          "private": "bnVsbA==",
          "dependencies": [
            "aws_iam_role.prod-ddb-sync",
            "aws_iam_policy.allow-ddb-access"
          ]
        }
      ]
    },
    {
      "mode": "managed",
      "type": "aws_iam_role",
      "name": "prod-ddb-sync",
      "provider": "provider[\"registry.terraform.io/hashicorp/aws\"]",
      "instances": [
        {
          "schema_version": 0,
          "attributes": {
            "arn": "arn:aws:iam::422873008393:role/ProductionDynamoDBSyncRole",
            "assume_role_policy": "{\"Version\":\"2012-10-17\",\"Statement\":[{\"Effect\":\"Allow\",\"Principal\":{\"AWS\":\"arn:aws:iam::299541157397:root\"},\"Action\":\"sts:AssumeRole\",\"Condition\":{}}]}",
            "create_date": "2021-10-31T21:28:56Z",
            "description": "Allow production account to access DynamoDB in this environment to keep them in sync",
            "force_detach_policies": false,
            "id": "ProductionDynamoDBSyncRole",
            "inline_policy": [
              {
                "name": "",
                "policy": ""
              }
            ],
            "managed_policy_arns": [
              "arn:aws:iam::422873008393:policy/AllowDynamoDBAccess"
            ],
            "max_session_duration": 3600,
            "name": "ProductionDynamoDBSyncRole",
            "name_prefix": "",
            "path": "/",
            "permissions_boundary": null,
            "tags": {
              "Env": "prod",
              "Name": "ProductionDynamoDBSyncRole"
            },
            "tags_all": {
              "Env": "prod",
              "Name": "ProductionDynamoDBSyncRole"
            },
            "unique_id": "AROAWE5JSBEEZW5WY6T2V"
          },
          "sensitive_attributes": [],
          "private": "bnVsbA=="
        }
      ]
    },
    {
      "mode": "managed",
      "type": "aws_iam_service_linked_role",
      "name": "es",
      "provider": "provider[\"registry.terraform.io/hashicorp/aws\"]",
      "instances": [
        {
          "schema_version": 0,
          "attributes": {
            "arn": "arn:aws:iam::422873008393:role/aws-service-role/es.amazonaws.com/AWSServiceRoleForAmazonElasticsearchService",
            "aws_service_name": "es.amazonaws.com",
            "create_date": "2021-10-31T21:28:56Z",
            "custom_suffix": "",
            "description": "",
            "id": "arn:aws:iam::422873008393:role/aws-service-role/es.amazonaws.com/AWSServiceRoleForAmazonElasticsearchService",
            "name": "AWSServiceRoleForAmazonElasticsearchService",
            "path": "/aws-service-role/es.amazonaws.com/",
            "unique_id": "AROAWE5JSBEETR5WEUO7V"
          },
          "sensitive_attributes": [],
          "private": "bnVsbA=="
        }
      ]
    },
    {
      "mode": "managed",
      "type": "aws_security_group",
      "name": "elasticsearch-domain-sg",
      "provider": "provider[\"registry.terraform.io/hashicorp/aws\"]",
      "instances": [
        {
          "schema_version": 1,
          "attributes": {
            "arn": "arn:aws:ec2:us-east-1:422873008393:security-group/sg-0c776b1c226fc85ed",
            "description": "Elasticsearch domain security group",
            "egress": [],
            "id": "sg-0c776b1c226fc85ed",
            "ingress": [
              {
                "cidr_blocks": [
                  "10.10.10.0/24"
                ],
                "description": "",
                "from_port": 443,
                "ipv6_cidr_blocks": [],
                "prefix_list_ids": [],
                "protocol": "tcp",
                "security_groups": [],
                "self": false,
                "to_port": 443
              }
            ],
            "name": "elasticsearch",
            "name_prefix": "",
            "owner_id": "422873008393",
            "revoke_rules_on_delete": false,
            "tags": {},
            "tags_all": {},
            "timeouts": null,
            "vpc_id": "vpc-0d2dc1cd9cfde6650"
          },
          "sensitive_attributes": [],
          "private": "eyJlMmJmYjczMC1lY2FhLTExZTYtOGY4OC0zNDM2M2JjN2M0YzAiOnsiY3JlYXRlIjo2MDAwMDAwMDAwMDAsImRlbGV0ZSI6OTAwMDAwMDAwMDAwfSwic2NoZW1hX3ZlcnNpb24iOiIxIn0=",
          "dependencies": [
            "module.vpc.aws_vpc.this"
          ]
        }
      ]
    },
    {
      "mode": "managed",
      "type": "aws_security_group",
      "name": "lambda-sg",
      "provider": "provider[\"registry.terraform.io/hashicorp/aws\"]",
      "instances": [
        {
          "schema_version": 1,
          "attributes": {
            "arn": "arn:aws:ec2:us-east-1:422873008393:security-group/sg-0f8779841b6fa75b9",
            "description": "Security group for VPC connected Lambdas",
            "egress": [
              {
                "cidr_blocks": [
                  "10.10.10.0/24"
                ],
                "description": "",
                "from_port": 0,
                "ipv6_cidr_blocks": [],
                "prefix_list_ids": [],
                "protocol": "tcp",
                "security_groups": [],
                "self": false,
                "to_port": 65535
              }
            ],
            "id": "sg-0f8779841b6fa75b9",
            "ingress": [
              {
                "cidr_blocks": [
                  "10.10.10.0/24"
                ],
                "description": "",
                "from_port": 0,
                "ipv6_cidr_blocks": [],
                "prefix_list_ids": [],
                "protocol": "tcp",
                "security_groups": [],
                "self": false,
                "to_port": 65535
              }
            ],
            "name": "lambda",
            "name_prefix": "",
            "owner_id": "422873008393",
            "revoke_rules_on_delete": false,
            "tags": {},
            "tags_all": {},
            "timeouts": null,
            "vpc_id": "vpc-0d2dc1cd9cfde6650"
          },
          "sensitive_attributes": [],
          "private": "eyJlMmJmYjczMC1lY2FhLTExZTYtOGY4OC0zNDM2M2JjN2M0YzAiOnsiY3JlYXRlIjo2MDAwMDAwMDAwMDAsImRlbGV0ZSI6OTAwMDAwMDAwMDAwfSwic2NoZW1hX3ZlcnNpb24iOiIxIn0=",
          "dependencies": [
            "module.vpc.aws_vpc.this"
          ]
        }
      ]
    },
    {
      "mode": "managed",
      "type": "aws_security_group_rule",
      "name": "elasticsearch-allow-https",
      "provider": "provider[\"registry.terraform.io/hashicorp/aws\"]",
      "instances": [
        {
          "schema_version": 2,
          "attributes": {
            "cidr_blocks": [
              "10.10.10.0/24"
            ],
            "description": "",
            "from_port": 443,
            "id": "sgrule-4142282282",
            "ipv6_cidr_blocks": [],
            "prefix_list_ids": [],
            "protocol": "tcp",
            "security_group_id": "sg-0c776b1c226fc85ed",
            "self": false,
            "source_security_group_id": null,
            "to_port": 443,
            "type": "ingress"
          },
          "sensitive_attributes": [],
          "private": "eyJzY2hlbWFfdmVyc2lvbiI6IjIifQ==",
          "dependencies": [
            "aws_security_group.elasticsearch-domain-sg",
            "module.vpc.aws_vpc.this"
          ]
        }
      ]
    },
    {
      "mode": "managed",
      "type": "aws_security_group_rule",
      "name": "lambda-allow-egress-all",
      "provider": "provider[\"registry.terraform.io/hashicorp/aws\"]",
      "instances": [
        {
          "schema_version": 2,
          "attributes": {
            "cidr_blocks": [
              "10.10.10.0/24"
            ],
            "description": "",
            "from_port": 0,
            "id": "sgrule-1199573234",
            "ipv6_cidr_blocks": [],
            "prefix_list_ids": [],
            "protocol": "tcp",
            "security_group_id": "sg-0f8779841b6fa75b9",
            "self": false,
            "source_security_group_id": null,
            "to_port": 65535,
            "type": "egress"
          },
          "sensitive_attributes": [],
          "private": "eyJzY2hlbWFfdmVyc2lvbiI6IjIifQ==",
          "dependencies": [
            "module.vpc.aws_vpc.this",
            "aws_security_group.lambda-sg"
          ]
        }
      ]
    },
    {
      "mode": "managed",
      "type": "aws_security_group_rule",
      "name": "lambda-allow-ingress-all",
      "provider": "provider[\"registry.terraform.io/hashicorp/aws\"]",
      "instances": [
        {
          "schema_version": 2,
          "attributes": {
            "cidr_blocks": [
              "10.10.10.0/24"
            ],
            "description": "",
            "from_port": 0,
            "id": "sgrule-4218140765",
            "ipv6_cidr_blocks": [],
            "prefix_list_ids": [],
            "protocol": "tcp",
            "security_group_id": "sg-0f8779841b6fa75b9",
            "self": false,
            "source_security_group_id": null,
            "to_port": 65535,
            "type": "ingress"
          },
          "sensitive_attributes": [],
          "private": "eyJzY2hlbWFfdmVyc2lvbiI6IjIifQ==",
          "dependencies": [
            "aws_security_group.lambda-sg",
            "module.vpc.aws_vpc.this"
          ]
        }
      ]
    },
    {
      "module": "module.assets",
      "mode": "data",
      "type": "archive_file",
      "name": "code",
      "provider": "provider[\"registry.terraform.io/hashicorp/archive\"]",
      "instances": [
        {
          "schema_version": 0,
          "attributes": {
            "excludes": [
              "*.pyc",
              "__init__.py"
            ],
            "id": "2547297c27cfa23ca46094001f62231349f1718e",
            "output_base64sha256": "snzbKhgHI3OlXosOTlB1T+xuN+lCGzeQTvB9AiLBNv8=",
            "output_file_mode": null,
            "output_md5": "53b8593830d8cb56ecbc6f92d1ca4ae7",
            "output_path": "../dynamo-search-stack/builds/code.zip",
            "output_sha": "2547297c27cfa23ca46094001f62231349f1718e",
            "output_size": 620052,
            "source": [],
            "source_content": null,
            "source_content_filename": null,
            "source_dir": "../dynamo-search-stack/code",
            "source_file": null,
            "type": "zip"
          },
          "sensitive_attributes": []
        }
      ]
    },
    {
      "module": "module.assets",
      "mode": "managed",
      "type": "aws_dynamodb_table",
      "name": "table",
      "provider": "provider[\"registry.terraform.io/hashicorp/aws\"]",
      "instances": [
        {
          "schema_version": 1,
          "attributes": {
            "arn": "arn:aws:dynamodb:us-east-1:422873008393:table/assets",
            "attribute": [
              {
                "name": "assetId",
                "type": "S"
              }
            ],
            "billing_mode": "PAY_PER_REQUEST",
            "global_secondary_index": [],
            "hash_key": "assetId",
            "id": "assets",
            "local_secondary_index": [],
            "name": "assets",
            "point_in_time_recovery": [
              {
                "enabled": true
              }
            ],
            "range_key": null,
            "read_capacity": 0,
            "replica": [],
            "server_side_encryption": [],
            "stream_arn": "arn:aws:dynamodb:us-east-1:422873008393:table/assets/stream/2021-10-31T21:28:56.612",
            "stream_enabled": true,
            "stream_label": "2021-10-31T21:28:56.612",
            "stream_view_type": "NEW_AND_OLD_IMAGES",
            "tags": {},
            "tags_all": {},
            "timeouts": null,
            "ttl": [
              {
                "attribute_name": "",
                "enabled": false,
                "kms_key_arn": ""
              }
            ],
            "write_capacity": 0
          },
          "sensitive_attributes": [],
          "private": "eyJlMmJmYjczMC1lY2FhLTExZTYtOGY4OC0zNDM2M2JjN2M0YzAiOnsiY3JlYXRlIjoxMjAwMDAwMDAwMDAwLCJkZWxldGUiOjYwMDAwMDAwMDAwMCwidXBkYXRlIjozNjAwMDAwMDAwMDAwfSwic2NoZW1hX3ZlcnNpb24iOiIxIn0="
        }
      ]
    },
    {
      "module": "module.assets",
      "mode": "managed",
      "type": "aws_iam_policy",
      "name": "ddb-stream-lambda-executor-policy",
      "provider": "provider[\"registry.terraform.io/hashicorp/aws\"]",
      "instances": [
        {
          "schema_version": 0,
          "attributes": {
            "arn": "arn:aws:iam::422873008393:policy/assets-DynamoSearchStackLambdaExecutionPolicy",
            "description": "",
            "id": "arn:aws:iam::422873008393:policy/assets-DynamoSearchStackLambdaExecutionPolicy",
            "name": "assets-DynamoSearchStackLambdaExecutionPolicy",
            "name_prefix": null,
            "path": "/",
            "policy": "{\"Statement\":[{\"Action\":[\"logs:*\"],\"Effect\":\"Allow\",\"Resource\":[\"arn:aws:logs:*:*:*\"]},{\"Action\":[\"ec2:CreateNetworkInterface\",\"ec2:DescribeNetworkInterfaces\",\"ec2:DeleteNetworkInterface\",\"ec2:AssignPrivateIpAddresses\",\"ec2:UnassignPrivateIpAddresses\",\"ec2:DescribeSecurityGroups\",\"ec2:DescribeSubnets\",\"ec2:DescribeVpcs\"],\"Effect\":\"Allow\",\"Resource\":[\"*\"]},{\"Action\":[\"dynamodb:BatchGetItem\",\"dynamodb:GetItem\",\"dynamodb:GetRecords\",\"dynamodb:Scan\",\"dynamodb:Query\",\"dynamodb:GetShardIterator\",\"dynamodb:DescribeStream\",\"dynamodb:ListStreams\"],\"Effect\":\"Allow\",\"Resource\":[\"*\"]}],\"Version\":\"2012-10-17\"}",
            "policy_id": "ANPAWE5JSBEEWGZADMSUS",
            "tags": {},
            "tags_all": {}
          },
          "sensitive_attributes": [],
          "private": "bnVsbA=="
        }
      ]
    },
    {
      "module": "module.assets",
      "mode": "managed",
      "type": "aws_iam_policy_attachment",
      "name": "ddb-stream-lambda-executor-policy-attachment",
      "provider": "provider[\"registry.terraform.io/hashicorp/aws\"]",
      "instances": [
        {
          "schema_version": 0,
          "attributes": {
            "groups": [],
            "id": "assets-DynamoSearchStackLambdaExecutionAttachment",
            "name": "assets-DynamoSearchStackLambdaExecutionAttachment",
            "policy_arn": "arn:aws:iam::422873008393:policy/assets-DynamoSearchStackLambdaExecutionPolicy",
            "roles": [
              "assets-DynamoSearchStackLambdaExecutionRole"
            ],
            "users": []
          },
          "sensitive_attributes": [],
          "private": "bnVsbA==",
          "dependencies": [
            "module.assets.aws_iam_policy.ddb-stream-lambda-executor-policy",
            "module.assets.aws_iam_role.lambda-executor"
          ]
        }
      ]
    },
    {
      "module": "module.assets",
      "mode": "managed",
      "type": "aws_iam_role",
      "name": "lambda-executor",
      "provider": "provider[\"registry.terraform.io/hashicorp/aws\"]",
      "instances": [
        {
          "schema_version": 0,
          "attributes": {
            "arn": "arn:aws:iam::422873008393:role/assets-DynamoSearchStackLambdaExecutionRole",
            "assume_role_policy": "{\"Version\":\"2012-10-17\",\"Statement\":[{\"Sid\":\"LambdaAssumeRole\",\"Effect\":\"Allow\",\"Principal\":{\"Service\":\"lambda.amazonaws.com\"},\"Action\":\"sts:AssumeRole\"}]}",
            "create_date": "2021-10-31T21:28:56Z",
            "description": "",
            "force_detach_policies": false,
            "id": "assets-DynamoSearchStackLambdaExecutionRole",
            "inline_policy": [
              {
                "name": "",
                "policy": ""
              }
            ],
            "managed_policy_arns": [
              "arn:aws:iam::422873008393:policy/assets-DynamoSearchStackLambdaExecutionPolicy"
            ],
            "max_session_duration": 3600,
            "name": "assets-DynamoSearchStackLambdaExecutionRole",
            "name_prefix": "",
            "path": "/",
            "permissions_boundary": null,
            "tags": {},
            "tags_all": {},
            "unique_id": "AROAWE5JSBEEQZNPINBDY"
          },
          "sensitive_attributes": [],
          "private": "bnVsbA=="
        }
      ]
    },
    {
      "module": "module.assets",
      "mode": "managed",
      "type": "aws_lambda_event_source_mapping",
      "name": "source_mapping",
      "provider": "provider[\"registry.terraform.io/hashicorp/aws\"]",
      "instances": [
        {
          "schema_version": 0,
          "attributes": {
            "batch_size": 100,
            "bisect_batch_on_function_error": false,
            "destination_config": [
              {
                "on_failure": [
                  {
                    "destination_arn": null
                  }
                ]
              }
            ],
            "enabled": true,
            "event_source_arn": "arn:aws:dynamodb:us-east-1:422873008393:table/assets/stream/2021-10-31T21:28:56.612",
            "function_arn": "arn:aws:lambda:us-east-1:422873008393:function:sync-assets-from-ddb-to-es",
            "function_name": "arn:aws:lambda:us-east-1:422873008393:function:sync-assets-from-ddb-to-es",
            "function_response_types": [],
            "id": "bbd6a779-18a4-4c04-be16-349a1d1e0878",
            "last_modified": "2021-10-31T21:48:00Z",
            "last_processing_result": "No records processed",
            "maximum_batching_window_in_seconds": 0,
            "maximum_record_age_in_seconds": -1,
            "maximum_retry_attempts": -1,
            "parallelization_factor": 1,
            "queues": [],
            "self_managed_event_source": [],
            "source_access_configuration": [],
            "starting_position": "LATEST",
            "starting_position_timestamp": "",
            "state": "Enabled",
            "state_transition_reason": "User action",
            "topics": [],
            "tumbling_window_in_seconds": 0,
            "uuid": "bbd6a779-18a4-4c04-be16-349a1d1e0878"
          },
          "sensitive_attributes": [],
          "private": "bnVsbA==",
          "dependencies": [
            "aws_security_group.lambda-sg",
            "data.aws_caller_identity.current",
            "module.assets.aws_dynamodb_table.table",
            "module.assets.aws_lambda_function.lambda",
            "module.assets.data.archive_file.code",
            "module.vpc.aws_vpc.this",
            "module.vpc.aws_vpc_ipv4_cidr_block_association.this",
            "aws_elasticsearch_domain.esd",
            "aws_security_group.elasticsearch-domain-sg",
            "data.aws_region.current",
            "module.assets.aws_iam_role.lambda-executor",
            "module.vpc.aws_subnet.private"
          ]
        }
      ]
    },
    {
      "module": "module.assets",
      "mode": "managed",
      "type": "aws_lambda_function",
      "name": "lambda",
      "provider": "provider[\"registry.terraform.io/hashicorp/aws\"]",
      "instances": [
        {
          "schema_version": 0,
          "attributes": {
            "architectures": [
              "x86_64"
            ],
            "arn": "arn:aws:lambda:us-east-1:422873008393:function:sync-assets-from-ddb-to-es",
            "code_signing_config_arn": "",
            "dead_letter_config": [],
            "description": "Reads off DynamoDB stream for table assets and sync to Elasticsearch",
            "environment": [
              {
                "variables": {
                  "ES_ENDPOINT": "vpc-elasticsearch-domain-kyypgiemagjl37ixpql53oldb4.us-east-1.es.amazonaws.com"
                }
              }
            ],
            "file_system_config": [],
            "filename": "../dynamo-search-stack/builds/code.zip",
            "function_name": "sync-assets-from-ddb-to-es",
            "handler": "main.lambda_handler",
            "id": "sync-assets-from-ddb-to-es",
            "image_config": [],
            "image_uri": "",
            "invoke_arn": "arn:aws:apigateway:us-east-1:lambda:path/2015-03-31/functions/arn:aws:lambda:us-east-1:422873008393:function:sync-assets-from-ddb-to-es/invocations",
            "kms_key_arn": "",
            "last_modified": "2021-10-31T21:55:03.438+0000",
            "layers": [],
            "memory_size": 128,
            "package_type": "Zip",
            "publish": false,
            "qualified_arn": "arn:aws:lambda:us-east-1:422873008393:function:sync-assets-from-ddb-to-es:$LATEST",
            "reserved_concurrent_executions": -1,
            "role": "arn:aws:iam::422873008393:role/assets-DynamoSearchStackLambdaExecutionRole",
            "runtime": "python3.8",
            "s3_bucket": null,
            "s3_key": null,
            "s3_object_version": null,
            "signing_job_arn": "",
            "signing_profile_version_arn": "",
            "source_code_hash": "snzbKhgHI3OlXosOTlB1T+xuN+lCGzeQTvB9AiLBNv8=",
            "source_code_size": 620052,
            "tags": {
              "TableName": "assets"
            },
            "tags_all": {
              "TableName": "assets"
            },
            "timeout": 3,
            "timeouts": null,
            "tracing_config": [
              {
                "mode": "PassThrough"
              }
            ],
            "version": "$LATEST",
            "vpc_config": [
              {
                "security_group_ids": [
                  "sg-0f8779841b6fa75b9"
                ],
                "subnet_ids": [
                  "subnet-09db0011c9236480b",
                  "subnet-0c9dee9155688533d",
                  "subnet-0d1e25c39501ef7ed"
                ],
                "vpc_id": "vpc-0d2dc1cd9cfde6650"
              }
            ]
          },
          "sensitive_attributes": [],
          "private": "eyJlMmJmYjczMC1lY2FhLTExZTYtOGY4OC0zNDM2M2JjN2M0YzAiOnsiY3JlYXRlIjo2MDAwMDAwMDAwMDB9fQ==",
          "dependencies": [
            "aws_elasticsearch_domain.esd",
            "aws_security_group.lambda-sg",
            "module.assets.aws_dynamodb_table.table",
            "module.assets.aws_iam_role.lambda-executor",
            "module.assets.data.archive_file.code",
            "module.vpc.aws_subnet.private"
          ]
        }
      ]
    },
    {
      "module": "module.people",
      "mode": "data",
      "type": "archive_file",
      "name": "code",
      "provider": "provider[\"registry.terraform.io/hashicorp/archive\"]",
      "instances": [
        {
          "schema_version": 0,
          "attributes": {
            "excludes": [
              "*.pyc",
              "__init__.py"
            ],
            "id": "2547297c27cfa23ca46094001f62231349f1718e",
            "output_base64sha256": "snzbKhgHI3OlXosOTlB1T+xuN+lCGzeQTvB9AiLBNv8=",
            "output_file_mode": null,
            "output_md5": "53b8593830d8cb56ecbc6f92d1ca4ae7",
            "output_path": "../dynamo-search-stack/builds/code.zip",
            "output_sha": "2547297c27cfa23ca46094001f62231349f1718e",
            "output_size": 620052,
            "source": [],
            "source_content": null,
            "source_content_filename": null,
            "source_dir": "../dynamo-search-stack/code",
            "source_file": null,
            "type": "zip"
          },
          "sensitive_attributes": []
        }
      ]
    },
    {
      "module": "module.people",
      "mode": "managed",
      "type": "aws_dynamodb_table",
      "name": "table",
      "provider": "provider[\"registry.terraform.io/hashicorp/aws\"]",
      "instances": [
        {
          "schema_version": 1,
          "attributes": {
            "arn": "arn:aws:dynamodb:us-east-1:422873008393:table/people",
            "attribute": [
              {
                "name": "name",
                "type": "S"
              }
            ],
            "billing_mode": "PAY_PER_REQUEST",
            "global_secondary_index": [],
            "hash_key": "name",
            "id": "people",
            "local_secondary_index": [],
            "name": "people",
            "point_in_time_recovery": [
              {
                "enabled": true
              }
            ],
            "range_key": null,
            "read_capacity": 0,
            "replica": [],
            "server_side_encryption": [],
            "stream_arn": "arn:aws:dynamodb:us-east-1:422873008393:table/people/stream/2021-10-31T21:28:56.261",
            "stream_enabled": true,
            "stream_label": "2021-10-31T21:28:56.261",
            "stream_view_type": "NEW_AND_OLD_IMAGES",
            "tags": {},
            "tags_all": {},
            "timeouts": null,
            "ttl": [
              {
                "attribute_name": "",
                "enabled": false,
                "kms_key_arn": ""
              }
            ],
            "write_capacity": 0
          },
          "sensitive_attributes": [],
          "private": "eyJlMmJmYjczMC1lY2FhLTExZTYtOGY4OC0zNDM2M2JjN2M0YzAiOnsiY3JlYXRlIjoxMjAwMDAwMDAwMDAwLCJkZWxldGUiOjYwMDAwMDAwMDAwMCwidXBkYXRlIjozNjAwMDAwMDAwMDAwfSwic2NoZW1hX3ZlcnNpb24iOiIxIn0="
        }
      ]
    },
    {
      "module": "module.people",
      "mode": "managed",
      "type": "aws_iam_policy",
      "name": "ddb-stream-lambda-executor-policy",
      "provider": "provider[\"registry.terraform.io/hashicorp/aws\"]",
      "instances": [
        {
          "schema_version": 0,
          "attributes": {
            "arn": "arn:aws:iam::422873008393:policy/people-DynamoSearchStackLambdaExecutionPolicy",
            "description": "",
            "id": "arn:aws:iam::422873008393:policy/people-DynamoSearchStackLambdaExecutionPolicy",
            "name": "people-DynamoSearchStackLambdaExecutionPolicy",
            "name_prefix": null,
            "path": "/",
            "policy": "{\"Statement\":[{\"Action\":[\"logs:*\"],\"Effect\":\"Allow\",\"Resource\":[\"arn:aws:logs:*:*:*\"]},{\"Action\":[\"ec2:CreateNetworkInterface\",\"ec2:DescribeNetworkInterfaces\",\"ec2:DeleteNetworkInterface\",\"ec2:AssignPrivateIpAddresses\",\"ec2:UnassignPrivateIpAddresses\",\"ec2:DescribeSecurityGroups\",\"ec2:DescribeSubnets\",\"ec2:DescribeVpcs\"],\"Effect\":\"Allow\",\"Resource\":[\"*\"]},{\"Action\":[\"dynamodb:BatchGetItem\",\"dynamodb:GetItem\",\"dynamodb:GetRecords\",\"dynamodb:Scan\",\"dynamodb:Query\",\"dynamodb:GetShardIterator\",\"dynamodb:DescribeStream\",\"dynamodb:ListStreams\"],\"Effect\":\"Allow\",\"Resource\":[\"*\"]}],\"Version\":\"2012-10-17\"}",
            "policy_id": "ANPAWE5JSBEESZNZHGVNK",
            "tags": {},
            "tags_all": {}
          },
          "sensitive_attributes": [],
          "private": "bnVsbA=="
        }
      ]
    },
    {
      "module": "module.people",
      "mode": "managed",
      "type": "aws_iam_policy_attachment",
      "name": "ddb-stream-lambda-executor-policy-attachment",
      "provider": "provider[\"registry.terraform.io/hashicorp/aws\"]",
      "instances": [
        {
          "schema_version": 0,
          "attributes": {
            "groups": [],
            "id": "people-DynamoSearchStackLambdaExecutionAttachment",
            "name": "people-DynamoSearchStackLambdaExecutionAttachment",
            "policy_arn": "arn:aws:iam::422873008393:policy/people-DynamoSearchStackLambdaExecutionPolicy",
            "roles": [
              "people-DynamoSearchStackLambdaExecutionRole"
            ],
            "users": []
          },
          "sensitive_attributes": [],
          "private": "bnVsbA==",
          "dependencies": [
            "module.people.aws_iam_policy.ddb-stream-lambda-executor-policy",
            "module.people.aws_iam_role.lambda-executor"
          ]
        }
      ]
    },
    {
      "module": "module.people",
      "mode": "managed",
      "type": "aws_iam_role",
      "name": "lambda-executor",
      "provider": "provider[\"registry.terraform.io/hashicorp/aws\"]",
      "instances": [
        {
          "schema_version": 0,
          "attributes": {
            "arn": "arn:aws:iam::422873008393:role/people-DynamoSearchStackLambdaExecutionRole",
            "assume_role_policy": "{\"Version\":\"2012-10-17\",\"Statement\":[{\"Sid\":\"LambdaAssumeRole\",\"Effect\":\"Allow\",\"Principal\":{\"Service\":\"lambda.amazonaws.com\"},\"Action\":\"sts:AssumeRole\"}]}",
            "create_date": "2021-10-31T21:28:56Z",
            "description": "",
            "force_detach_policies": false,
            "id": "people-DynamoSearchStackLambdaExecutionRole",
            "inline_policy": [
              {
                "name": "",
                "policy": ""
              }
            ],
            "managed_policy_arns": [
              "arn:aws:iam::422873008393:policy/people-DynamoSearchStackLambdaExecutionPolicy"
            ],
            "max_session_duration": 3600,
            "name": "people-DynamoSearchStackLambdaExecutionRole",
            "name_prefix": "",
            "path": "/",
            "permissions_boundary": null,
            "tags": {},
            "tags_all": {},
            "unique_id": "AROAWE5JSBEE7N4TNOJK3"
          },
          "sensitive_attributes": [],
          "private": "bnVsbA=="
        }
      ]
    },
    {
      "module": "module.people",
      "mode": "managed",
      "type": "aws_lambda_event_source_mapping",
      "name": "source_mapping",
      "provider": "provider[\"registry.terraform.io/hashicorp/aws\"]",
      "instances": [
        {
          "schema_version": 0,
          "attributes": {
            "batch_size": 100,
            "bisect_batch_on_function_error": false,
            "destination_config": [
              {
                "on_failure": [
                  {
                    "destination_arn": null
                  }
                ]
              }
            ],
            "enabled": true,
            "event_source_arn": "arn:aws:dynamodb:us-east-1:422873008393:table/people/stream/2021-10-31T21:28:56.261",
            "function_arn": "arn:aws:lambda:us-east-1:422873008393:function:sync-people-from-ddb-to-es",
            "function_name": "arn:aws:lambda:us-east-1:422873008393:function:sync-people-from-ddb-to-es",
            "function_response_types": [],
            "id": "e6462f95-e04b-4c25-9c75-517a379597c4",
            "last_modified": "2021-10-31T21:48:00Z",
            "last_processing_result": "No records processed",
            "maximum_batching_window_in_seconds": 0,
            "maximum_record_age_in_seconds": -1,
            "maximum_retry_attempts": -1,
            "parallelization_factor": 1,
            "queues": [],
            "self_managed_event_source": [],
            "source_access_configuration": [],
            "starting_position": "LATEST",
            "starting_position_timestamp": "",
            "state": "Enabled",
            "state_transition_reason": "User action",
            "topics": [],
            "tumbling_window_in_seconds": 0,
            "uuid": "e6462f95-e04b-4c25-9c75-517a379597c4"
          },
          "sensitive_attributes": [],
          "private": "bnVsbA==",
          "dependencies": [
            "module.people.aws_iam_role.lambda-executor",
            "module.people.aws_lambda_function.lambda",
            "module.vpc.aws_subnet.private",
            "module.vpc.aws_vpc.this",
            "module.vpc.aws_vpc_ipv4_cidr_block_association.this",
            "aws_elasticsearch_domain.esd",
            "data.aws_region.current",
            "module.people.aws_dynamodb_table.table",
            "module.people.data.archive_file.code",
            "aws_security_group.elasticsearch-domain-sg",
            "aws_security_group.lambda-sg",
            "data.aws_caller_identity.current"
          ]
        }
      ]
    },
    {
      "module": "module.people",
      "mode": "managed",
      "type": "aws_lambda_function",
      "name": "lambda",
      "provider": "provider[\"registry.terraform.io/hashicorp/aws\"]",
      "instances": [
        {
          "schema_version": 0,
          "attributes": {
            "architectures": [
              "x86_64"
            ],
            "arn": "arn:aws:lambda:us-east-1:422873008393:function:sync-people-from-ddb-to-es",
            "code_signing_config_arn": "",
            "dead_letter_config": [],
            "description": "Reads off DynamoDB stream for table people and sync to Elasticsearch",
            "environment": [
              {
                "variables": {
                  "ES_ENDPOINT": "vpc-elasticsearch-domain-kyypgiemagjl37ixpql53oldb4.us-east-1.es.amazonaws.com"
                }
              }
            ],
            "file_system_config": [],
            "filename": "../dynamo-search-stack/builds/code.zip",
            "function_name": "sync-people-from-ddb-to-es",
            "handler": "main.lambda_handler",
            "id": "sync-people-from-ddb-to-es",
            "image_config": [],
            "image_uri": "",
            "invoke_arn": "arn:aws:apigateway:us-east-1:lambda:path/2015-03-31/functions/arn:aws:lambda:us-east-1:422873008393:function:sync-people-from-ddb-to-es/invocations",
            "kms_key_arn": "",
            "last_modified": "2021-10-31T21:55:09.312+0000",
            "layers": [],
            "memory_size": 128,
            "package_type": "Zip",
            "publish": false,
            "qualified_arn": "arn:aws:lambda:us-east-1:422873008393:function:sync-people-from-ddb-to-es:$LATEST",
            "reserved_concurrent_executions": -1,
            "role": "arn:aws:iam::422873008393:role/people-DynamoSearchStackLambdaExecutionRole",
            "runtime": "python3.8",
            "s3_bucket": null,
            "s3_key": null,
            "s3_object_version": null,
            "signing_job_arn": "",
            "signing_profile_version_arn": "",
            "source_code_hash": "snzbKhgHI3OlXosOTlB1T+xuN+lCGzeQTvB9AiLBNv8=",
            "source_code_size": 620052,
            "tags": {
              "TableName": "people"
            },
            "tags_all": {
              "TableName": "people"
            },
            "timeout": 3,
            "timeouts": null,
            "tracing_config": [
              {
                "mode": "PassThrough"
              }
            ],
            "version": "$LATEST",
            "vpc_config": [
              {
                "security_group_ids": [
                  "sg-0f8779841b6fa75b9"
                ],
                "subnet_ids": [
                  "subnet-09db0011c9236480b",
                  "subnet-0c9dee9155688533d",
                  "subnet-0d1e25c39501ef7ed"
                ],
                "vpc_id": "vpc-0d2dc1cd9cfde6650"
              }
            ]
          },
          "sensitive_attributes": [],
          "private": "eyJlMmJmYjczMC1lY2FhLTExZTYtOGY4OC0zNDM2M2JjN2M0YzAiOnsiY3JlYXRlIjo2MDAwMDAwMDAwMDB9fQ==",
          "dependencies": [
            "aws_elasticsearch_domain.esd",
            "aws_security_group.lambda-sg",
            "module.people.aws_dynamodb_table.table",
            "module.people.aws_iam_role.lambda-executor",
            "module.people.data.archive_file.code",
            "module.vpc.aws_subnet.private"
          ]
        }
      ]
    },
    {
      "module": "module.vpc",
      "mode": "managed",
      "type": "aws_eip",
      "name": "nat",
      "provider": "provider[\"registry.terraform.io/hashicorp/aws\"]",
      "instances": [
        {
          "index_key": 0,
          "schema_version": 0,
          "attributes": {
            "address": null,
            "allocation_id": null,
            "associate_with_private_ip": null,
            "association_id": "eipassoc-074a81f826da3c75b",
            "carrier_ip": "",
            "customer_owned_ip": "",
            "customer_owned_ipv4_pool": "",
            "domain": "vpc",
            "id": "eipalloc-0db33c663dc425a0a",
            "instance": "",
            "network_border_group": "us-east-1",
            "network_interface": "eni-0d804e82a35174bde",
            "private_dns": "ip-10-10-10-125.ec2.internal",
            "private_ip": "10.10.10.125",
            "public_dns": "ec2-3-229-160-255.compute-1.amazonaws.com",
            "public_ip": "3.229.160.255",
            "public_ipv4_pool": "amazon",
            "tags": {
              "Name": "main-us-east-1a"
            },
            "tags_all": {
              "Name": "main-us-east-1a"
            },
            "timeouts": null,
            "vpc": true
          },
          "sensitive_attributes": [],
          "private": "eyJlMmJmYjczMC1lY2FhLTExZTYtOGY4OC0zNDM2M2JjN2M0YzAiOnsiZGVsZXRlIjoxODAwMDAwMDAwMDAsInJlYWQiOjkwMDAwMDAwMDAwMCwidXBkYXRlIjozMDAwMDAwMDAwMDB9fQ=="
        }
      ]
    },
    {
      "module": "module.vpc",
      "mode": "managed",
      "type": "aws_internet_gateway",
      "name": "this",
      "provider": "provider[\"registry.terraform.io/hashicorp/aws\"]",
      "instances": [
        {
          "index_key": 0,
          "schema_version": 0,
          "attributes": {
            "arn": "arn:aws:ec2:us-east-1:422873008393:internet-gateway/igw-0fe231ce885bf0f97",
            "id": "igw-0fe231ce885bf0f97",
            "owner_id": "422873008393",
            "tags": {
              "Name": "main"
            },
            "tags_all": {
              "Name": "main"
            },
            "vpc_id": "vpc-0d2dc1cd9cfde6650"
          },
          "sensitive_attributes": [],
          "private": "bnVsbA==",
          "dependencies": [
            "module.vpc.aws_vpc.this",
            "module.vpc.aws_vpc_ipv4_cidr_block_association.this"
          ]
        }
      ]
    },
    {
      "module": "module.vpc",
      "mode": "managed",
      "type": "aws_nat_gateway",
      "name": "this",
      "provider": "provider[\"registry.terraform.io/hashicorp/aws\"]",
      "instances": [
        {
          "index_key": 0,
          "schema_version": 0,
          "attributes": {
            "allocation_id": "eipalloc-0db33c663dc425a0a",
            "connectivity_type": "public",
            "id": "nat-0d08113cd3a7a51ed",
            "network_interface_id": "eni-0d804e82a35174bde",
            "private_ip": "10.10.10.125",
            "public_ip": "3.229.160.255",
            "subnet_id": "subnet-03860c5710d60f558",
            "tags": {
              "Name": "main-us-east-1a"
            },
            "tags_all": {
              "Name": "main-us-east-1a"
            }
          },
          "sensitive_attributes": [],
          "private": "bnVsbA==",
          "dependencies": [
            "module.vpc.aws_eip.nat",
            "module.vpc.aws_internet_gateway.this",
            "module.vpc.aws_subnet.public",
            "module.vpc.aws_vpc.this",
            "module.vpc.aws_vpc_ipv4_cidr_block_association.this"
          ]
        }
      ]
    },
    {
      "module": "module.vpc",
      "mode": "managed",
      "type": "aws_route",
      "name": "private_nat_gateway",
      "provider": "provider[\"registry.terraform.io/hashicorp/aws\"]",
      "instances": [
        {
          "index_key": 0,
          "schema_version": 0,
          "attributes": {
            "carrier_gateway_id": "",
            "destination_cidr_block": "0.0.0.0/0",
            "destination_ipv6_cidr_block": "",
            "destination_prefix_list_id": "",
            "egress_only_gateway_id": "",
            "gateway_id": "",
            "id": "r-rtb-06c4f8cf47ccff9e21080289494",
            "instance_id": "",
            "instance_owner_id": "",
            "local_gateway_id": "",
            "nat_gateway_id": "nat-0d08113cd3a7a51ed",
            "network_interface_id": "",
            "origin": "CreateRoute",
            "route_table_id": "rtb-06c4f8cf47ccff9e2",
            "state": "active",
            "timeouts": {
              "create": "5m",
              "delete": null,
              "update": null
            },
            "transit_gateway_id": "",
            "vpc_endpoint_id": "",
            "vpc_peering_connection_id": ""
          },
          "sensitive_attributes": [],
          "private": "eyJlMmJmYjczMC1lY2FhLTExZTYtOGY4OC0zNDM2M2JjN2M0YzAiOnsiY3JlYXRlIjozMDAwMDAwMDAwMDAsImRlbGV0ZSI6MzAwMDAwMDAwMDAwLCJ1cGRhdGUiOjEyMDAwMDAwMDAwMH19",
          "dependencies": [
            "module.vpc.aws_eip.nat",
            "module.vpc.aws_internet_gateway.this",
            "module.vpc.aws_nat_gateway.this",
            "module.vpc.aws_route_table.private",
            "module.vpc.aws_subnet.public",
            "module.vpc.aws_vpc.this",
            "module.vpc.aws_vpc_ipv4_cidr_block_association.this"
          ]
        }
      ]
    },
    {
      "module": "module.vpc",
      "mode": "managed",
      "type": "aws_route",
      "name": "public_internet_gateway",
      "provider": "provider[\"registry.terraform.io/hashicorp/aws\"]",
      "instances": [
        {
          "index_key": 0,
          "schema_version": 0,
          "attributes": {
            "carrier_gateway_id": "",
            "destination_cidr_block": "0.0.0.0/0",
            "destination_ipv6_cidr_block": "",
            "destination_prefix_list_id": "",
            "egress_only_gateway_id": "",
            "gateway_id": "igw-0fe231ce885bf0f97",
            "id": "r-rtb-01eebe93a4da885fa1080289494",
            "instance_id": "",
            "instance_owner_id": "",
            "local_gateway_id": "",
            "nat_gateway_id": "",
            "network_interface_id": "",
            "origin": "CreateRoute",
            "route_table_id": "rtb-01eebe93a4da885fa",
            "state": "active",
            "timeouts": {
              "create": "5m",
              "delete": null,
              "update": null
            },
            "transit_gateway_id": "",
            "vpc_endpoint_id": "",
            "vpc_peering_connection_id": ""
          },
          "sensitive_attributes": [],
          "private": "eyJlMmJmYjczMC1lY2FhLTExZTYtOGY4OC0zNDM2M2JjN2M0YzAiOnsiY3JlYXRlIjozMDAwMDAwMDAwMDAsImRlbGV0ZSI6MzAwMDAwMDAwMDAwLCJ1cGRhdGUiOjEyMDAwMDAwMDAwMH19",
          "dependencies": [
            "module.vpc.aws_internet_gateway.this",
            "module.vpc.aws_route_table.public",
            "module.vpc.aws_vpc.this",
            "module.vpc.aws_vpc_ipv4_cidr_block_association.this"
          ]
        }
      ]
    },
    {
      "module": "module.vpc",
      "mode": "managed",
      "type": "aws_route_table",
      "name": "private",
      "provider": "provider[\"registry.terraform.io/hashicorp/aws\"]",
      "instances": [
        {
          "index_key": 0,
          "schema_version": 0,
          "attributes": {
            "arn": "arn:aws:ec2:us-east-1:422873008393:route-table/rtb-06c4f8cf47ccff9e2",
            "id": "rtb-06c4f8cf47ccff9e2",
            "owner_id": "422873008393",
            "propagating_vgws": [],
            "route": [
              {
                "carrier_gateway_id": "",
                "cidr_block": "0.0.0.0/0",
                "destination_prefix_list_id": "",
                "egress_only_gateway_id": "",
                "gateway_id": "",
                "instance_id": "",
                "ipv6_cidr_block": "",
                "local_gateway_id": "",
                "nat_gateway_id": "nat-0d08113cd3a7a51ed",
                "network_interface_id": "",
                "transit_gateway_id": "",
                "vpc_endpoint_id": "",
                "vpc_peering_connection_id": ""
              }
            ],
            "tags": {
              "Name": "main-private"
            },
            "tags_all": {
              "Name": "main-private"
            },
            "timeouts": null,
            "vpc_id": "vpc-0d2dc1cd9cfde6650"
          },
          "sensitive_attributes": [],
          "private": "eyJlMmJmYjczMC1lY2FhLTExZTYtOGY4OC0zNDM2M2JjN2M0YzAiOnsiY3JlYXRlIjoxMjAwMDAwMDAwMDAsImRlbGV0ZSI6MzAwMDAwMDAwMDAwLCJ1cGRhdGUiOjEyMDAwMDAwMDAwMH19",
          "dependencies": [
            "module.vpc.aws_vpc.this",
            "module.vpc.aws_vpc_ipv4_cidr_block_association.this"
          ]
        }
      ]
    },
    {
      "module": "module.vpc",
      "mode": "managed",
      "type": "aws_route_table",
      "name": "public",
      "provider": "provider[\"registry.terraform.io/hashicorp/aws\"]",
      "instances": [
        {
          "index_key": 0,
          "schema_version": 0,
          "attributes": {
            "arn": "arn:aws:ec2:us-east-1:422873008393:route-table/rtb-01eebe93a4da885fa",
            "id": "rtb-01eebe93a4da885fa",
            "owner_id": "422873008393",
            "propagating_vgws": [],
            "route": [
              {
                "carrier_gateway_id": "",
                "cidr_block": "0.0.0.0/0",
                "destination_prefix_list_id": "",
                "egress_only_gateway_id": "",
                "gateway_id": "igw-0fe231ce885bf0f97",
                "instance_id": "",
                "ipv6_cidr_block": "",
                "local_gateway_id": "",
                "nat_gateway_id": "",
                "network_interface_id": "",
                "transit_gateway_id": "",
                "vpc_endpoint_id": "",
                "vpc_peering_connection_id": ""
              }
            ],
            "tags": {
              "Name": "main-public"
            },
            "tags_all": {
              "Name": "main-public"
            },
            "timeouts": null,
            "vpc_id": "vpc-0d2dc1cd9cfde6650"
          },
          "sensitive_attributes": [],
          "private": "eyJlMmJmYjczMC1lY2FhLTExZTYtOGY4OC0zNDM2M2JjN2M0YzAiOnsiY3JlYXRlIjoxMjAwMDAwMDAwMDAsImRlbGV0ZSI6MzAwMDAwMDAwMDAwLCJ1cGRhdGUiOjEyMDAwMDAwMDAwMH19",
          "dependencies": [
            "module.vpc.aws_vpc_ipv4_cidr_block_association.this",
            "module.vpc.aws_vpc.this"
          ]
        }
      ]
    },
    {
      "module": "module.vpc",
      "mode": "managed",
      "type": "aws_route_table_association",
      "name": "private",
      "provider": "provider[\"registry.terraform.io/hashicorp/aws\"]",
      "instances": [
        {
          "index_key": 0,
          "schema_version": 0,
          "attributes": {
            "gateway_id": "",
            "id": "rtbassoc-0fc47216c908a8bfb",
            "route_table_id": "rtb-06c4f8cf47ccff9e2",
            "subnet_id": "subnet-09db0011c9236480b"
          },
          "sensitive_attributes": [],
          "private": "bnVsbA==",
          "dependencies": [
            "module.vpc.aws_route_table.private",
            "module.vpc.aws_subnet.private",
            "module.vpc.aws_vpc.this",
            "module.vpc.aws_vpc_ipv4_cidr_block_association.this"
          ]
        },
        {
          "index_key": 1,
          "schema_version": 0,
          "attributes": {
            "gateway_id": "",
            "id": "rtbassoc-09e9cc0cc11c036ae",
            "route_table_id": "rtb-06c4f8cf47ccff9e2",
            "subnet_id": "subnet-0d1e25c39501ef7ed"
          },
          "sensitive_attributes": [],
          "private": "bnVsbA==",
          "dependencies": [
            "module.vpc.aws_route_table.private",
            "module.vpc.aws_subnet.private",
            "module.vpc.aws_vpc.this",
            "module.vpc.aws_vpc_ipv4_cidr_block_association.this"
          ]
        },
        {
          "index_key": 2,
          "schema_version": 0,
          "attributes": {
            "gateway_id": "",
            "id": "rtbassoc-06af98b46da53993b",
            "route_table_id": "rtb-06c4f8cf47ccff9e2",
            "subnet_id": "subnet-0c9dee9155688533d"
          },
          "sensitive_attributes": [],
          "private": "bnVsbA==",
          "dependencies": [
            "module.vpc.aws_vpc.this",
            "module.vpc.aws_vpc_ipv4_cidr_block_association.this",
            "module.vpc.aws_route_table.private",
            "module.vpc.aws_subnet.private"
          ]
        }
      ]
    },
    {
      "module": "module.vpc",
      "mode": "managed",
      "type": "aws_route_table_association",
      "name": "public",
      "provider": "provider[\"registry.terraform.io/hashicorp/aws\"]",
      "instances": [
        {
          "index_key": 0,
          "schema_version": 0,
          "attributes": {
            "gateway_id": "",
            "id": "rtbassoc-0346148b53e554202",
            "route_table_id": "rtb-01eebe93a4da885fa",
            "subnet_id": "subnet-03860c5710d60f558"
          },
          "sensitive_attributes": [],
          "private": "bnVsbA==",
          "dependencies": [
            "module.vpc.aws_route_table.public",
            "module.vpc.aws_subnet.public",
            "module.vpc.aws_vpc.this",
            "module.vpc.aws_vpc_ipv4_cidr_block_association.this"
          ]
        },
        {
          "index_key": 1,
          "schema_version": 0,
          "attributes": {
            "gateway_id": "",
            "id": "rtbassoc-049ad746892eb834b",
            "route_table_id": "rtb-01eebe93a4da885fa",
            "subnet_id": "subnet-080ad35951c491b44"
          },
          "sensitive_attributes": [],
          "private": "bnVsbA==",
          "dependencies": [
            "module.vpc.aws_route_table.public",
            "module.vpc.aws_subnet.public",
            "module.vpc.aws_vpc.this",
            "module.vpc.aws_vpc_ipv4_cidr_block_association.this"
          ]
        },
        {
          "index_key": 2,
          "schema_version": 0,
          "attributes": {
            "gateway_id": "",
            "id": "rtbassoc-0fbb49fd53b32af75",
            "route_table_id": "rtb-01eebe93a4da885fa",
            "subnet_id": "subnet-05508039579cd4e6c"
          },
          "sensitive_attributes": [],
          "private": "bnVsbA==",
          "dependencies": [
            "module.vpc.aws_route_table.public",
            "module.vpc.aws_subnet.public",
            "module.vpc.aws_vpc.this",
            "module.vpc.aws_vpc_ipv4_cidr_block_association.this"
          ]
        }
      ]
    },
    {
      "module": "module.vpc",
      "mode": "managed",
      "type": "aws_subnet",
      "name": "private",
      "provider": "provider[\"registry.terraform.io/hashicorp/aws\"]",
      "instances": [
        {
          "index_key": 0,
          "schema_version": 1,
          "attributes": {
            "arn": "arn:aws:ec2:us-east-1:422873008393:subnet/subnet-09db0011c9236480b",
            "assign_ipv6_address_on_creation": false,
            "availability_zone": "us-east-1a",
            "availability_zone_id": "use1-az4",
            "cidr_block": "10.10.10.0/27",
            "customer_owned_ipv4_pool": "",
            "id": "subnet-09db0011c9236480b",
            "ipv6_cidr_block": "",
            "ipv6_cidr_block_association_id": "",
            "map_customer_owned_ip_on_launch": false,
            "map_public_ip_on_launch": false,
            "outpost_arn": "",
            "owner_id": "422873008393",
            "tags": {
              "Name": "main-private-us-east-1a",
              "Tier": "Private"
            },
            "tags_all": {
              "Name": "main-private-us-east-1a",
              "Tier": "Private"
            },
            "timeouts": null,
            "vpc_id": "vpc-0d2dc1cd9cfde6650"
          },
          "sensitive_attributes": [],
          "private": "eyJlMmJmYjczMC1lY2FhLTExZTYtOGY4OC0zNDM2M2JjN2M0YzAiOnsiY3JlYXRlIjo2MDAwMDAwMDAwMDAsImRlbGV0ZSI6MTIwMDAwMDAwMDAwMH0sInNjaGVtYV92ZXJzaW9uIjoiMSJ9",
          "dependencies": [
            "module.vpc.aws_vpc.this",
            "module.vpc.aws_vpc_ipv4_cidr_block_association.this"
          ]
        },
        {
          "index_key": 1,
          "schema_version": 1,
          "attributes": {
            "arn": "arn:aws:ec2:us-east-1:422873008393:subnet/subnet-0d1e25c39501ef7ed",
            "assign_ipv6_address_on_creation": false,
            "availability_zone": "us-east-1b",
            "availability_zone_id": "use1-az6",
            "cidr_block": "10.10.10.32/27",
            "customer_owned_ipv4_pool": "",
            "id": "subnet-0d1e25c39501ef7ed",
            "ipv6_cidr_block": "",
            "ipv6_cidr_block_association_id": "",
            "map_customer_owned_ip_on_launch": false,
            "map_public_ip_on_launch": false,
            "outpost_arn": "",
            "owner_id": "422873008393",
            "tags": {
              "Name": "main-private-us-east-1b",
              "Tier": "Private"
            },
            "tags_all": {
              "Name": "main-private-us-east-1b",
              "Tier": "Private"
            },
            "timeouts": null,
            "vpc_id": "vpc-0d2dc1cd9cfde6650"
          },
          "sensitive_attributes": [],
          "private": "eyJlMmJmYjczMC1lY2FhLTExZTYtOGY4OC0zNDM2M2JjN2M0YzAiOnsiY3JlYXRlIjo2MDAwMDAwMDAwMDAsImRlbGV0ZSI6MTIwMDAwMDAwMDAwMH0sInNjaGVtYV92ZXJzaW9uIjoiMSJ9",
          "dependencies": [
            "module.vpc.aws_vpc.this",
            "module.vpc.aws_vpc_ipv4_cidr_block_association.this"
          ]
        },
        {
          "index_key": 2,
          "schema_version": 1,
          "attributes": {
            "arn": "arn:aws:ec2:us-east-1:422873008393:subnet/subnet-0c9dee9155688533d",
            "assign_ipv6_address_on_creation": false,
            "availability_zone": "us-east-1c",
            "availability_zone_id": "use1-az1",
            "cidr_block": "10.10.10.64/27",
            "customer_owned_ipv4_pool": "",
            "id": "subnet-0c9dee9155688533d",
            "ipv6_cidr_block": "",
            "ipv6_cidr_block_association_id": "",
            "map_customer_owned_ip_on_launch": false,
            "map_public_ip_on_launch": false,
            "outpost_arn": "",
            "owner_id": "422873008393",
            "tags": {
              "Name": "main-private-us-east-1c",
              "Tier": "Private"
            },
            "tags_all": {
              "Name": "main-private-us-east-1c",
              "Tier": "Private"
            },
            "timeouts": null,
            "vpc_id": "vpc-0d2dc1cd9cfde6650"
          },
          "sensitive_attributes": [],
          "private": "eyJlMmJmYjczMC1lY2FhLTExZTYtOGY4OC0zNDM2M2JjN2M0YzAiOnsiY3JlYXRlIjo2MDAwMDAwMDAwMDAsImRlbGV0ZSI6MTIwMDAwMDAwMDAwMH0sInNjaGVtYV92ZXJzaW9uIjoiMSJ9",
          "dependencies": [
            "module.vpc.aws_vpc.this",
            "module.vpc.aws_vpc_ipv4_cidr_block_association.this"
          ]
        }
      ]
    },
    {
      "module": "module.vpc",
      "mode": "managed",
      "type": "aws_subnet",
      "name": "public",
      "provider": "provider[\"registry.terraform.io/hashicorp/aws\"]",
      "instances": [
        {
          "index_key": 0,
          "schema_version": 1,
          "attributes": {
            "arn": "arn:aws:ec2:us-east-1:422873008393:subnet/subnet-03860c5710d60f558",
            "assign_ipv6_address_on_creation": false,
            "availability_zone": "us-east-1a",
            "availability_zone_id": "use1-az4",
            "cidr_block": "10.10.10.96/27",
            "customer_owned_ipv4_pool": "",
            "id": "subnet-03860c5710d60f558",
            "ipv6_cidr_block": "",
            "ipv6_cidr_block_association_id": "",
            "map_customer_owned_ip_on_launch": false,
            "map_public_ip_on_launch": true,
            "outpost_arn": "",
            "owner_id": "422873008393",
            "tags": {
              "Name": "main-public-us-east-1a"
            },
            "tags_all": {
              "Name": "main-public-us-east-1a"
            },
            "timeouts": null,
            "vpc_id": "vpc-0d2dc1cd9cfde6650"
          },
          "sensitive_attributes": [],
          "private": "eyJlMmJmYjczMC1lY2FhLTExZTYtOGY4OC0zNDM2M2JjN2M0YzAiOnsiY3JlYXRlIjo2MDAwMDAwMDAwMDAsImRlbGV0ZSI6MTIwMDAwMDAwMDAwMH0sInNjaGVtYV92ZXJzaW9uIjoiMSJ9",
          "dependencies": [
            "module.vpc.aws_vpc.this",
            "module.vpc.aws_vpc_ipv4_cidr_block_association.this"
          ]
        },
        {
          "index_key": 1,
          "schema_version": 1,
          "attributes": {
            "arn": "arn:aws:ec2:us-east-1:422873008393:subnet/subnet-080ad35951c491b44",
            "assign_ipv6_address_on_creation": false,
            "availability_zone": "us-east-1b",
            "availability_zone_id": "use1-az6",
            "cidr_block": "10.10.10.128/27",
            "customer_owned_ipv4_pool": "",
            "id": "subnet-080ad35951c491b44",
            "ipv6_cidr_block": "",
            "ipv6_cidr_block_association_id": "",
            "map_customer_owned_ip_on_launch": false,
            "map_public_ip_on_launch": true,
            "outpost_arn": "",
            "owner_id": "422873008393",
            "tags": {
              "Name": "main-public-us-east-1b"
            },
            "tags_all": {
              "Name": "main-public-us-east-1b"
            },
            "timeouts": null,
            "vpc_id": "vpc-0d2dc1cd9cfde6650"
          },
          "sensitive_attributes": [],
          "private": "eyJlMmJmYjczMC1lY2FhLTExZTYtOGY4OC0zNDM2M2JjN2M0YzAiOnsiY3JlYXRlIjo2MDAwMDAwMDAwMDAsImRlbGV0ZSI6MTIwMDAwMDAwMDAwMH0sInNjaGVtYV92ZXJzaW9uIjoiMSJ9",
          "dependencies": [
            "module.vpc.aws_vpc.this",
            "module.vpc.aws_vpc_ipv4_cidr_block_association.this"
          ]
        },
        {
          "index_key": 2,
          "schema_version": 1,
          "attributes": {
            "arn": "arn:aws:ec2:us-east-1:422873008393:subnet/subnet-05508039579cd4e6c",
            "assign_ipv6_address_on_creation": false,
            "availability_zone": "us-east-1c",
            "availability_zone_id": "use1-az1",
            "cidr_block": "10.10.10.160/27",
            "customer_owned_ipv4_pool": "",
            "id": "subnet-05508039579cd4e6c",
            "ipv6_cidr_block": "",
            "ipv6_cidr_block_association_id": "",
            "map_customer_owned_ip_on_launch": false,
            "map_public_ip_on_launch": true,
            "outpost_arn": "",
            "owner_id": "422873008393",
            "tags": {
              "Name": "main-public-us-east-1c"
            },
            "tags_all": {
              "Name": "main-public-us-east-1c"
            },
            "timeouts": null,
            "vpc_id": "vpc-0d2dc1cd9cfde6650"
          },
          "sensitive_attributes": [],
          "private": "eyJlMmJmYjczMC1lY2FhLTExZTYtOGY4OC0zNDM2M2JjN2M0YzAiOnsiY3JlYXRlIjo2MDAwMDAwMDAwMDAsImRlbGV0ZSI6MTIwMDAwMDAwMDAwMH0sInNjaGVtYV92ZXJzaW9uIjoiMSJ9",
          "dependencies": [
            "module.vpc.aws_vpc_ipv4_cidr_block_association.this",
            "module.vpc.aws_vpc.this"
          ]
        }
      ]
    },
    {
      "module": "module.vpc",
      "mode": "managed",
      "type": "aws_vpc",
      "name": "this",
      "provider": "provider[\"registry.terraform.io/hashicorp/aws\"]",
      "instances": [
        {
          "index_key": 0,
          "schema_version": 1,
          "attributes": {
            "arn": "arn:aws:ec2:us-east-1:422873008393:vpc/vpc-0d2dc1cd9cfde6650",
            "assign_generated_ipv6_cidr_block": false,
            "cidr_block": "10.10.10.0/24",
            "default_network_acl_id": "acl-0331fbe990d469832",
            "default_route_table_id": "rtb-01ee7068d75f35de5",
            "default_security_group_id": "sg-05aa17163e2905681",
            "dhcp_options_id": "dopt-2acdf250",
            "enable_classiclink": false,
            "enable_classiclink_dns_support": false,
            "enable_dns_hostnames": false,
            "enable_dns_support": true,
            "id": "vpc-0d2dc1cd9cfde6650",
            "instance_tenancy": "default",
            "ipv6_association_id": "",
            "ipv6_cidr_block": "",
            "main_route_table_id": "rtb-01ee7068d75f35de5",
            "owner_id": "422873008393",
            "tags": {
              "Name": "main"
            },
            "tags_all": {
              "Name": "main"
            }
          },
          "sensitive_attributes": [],
          "private": "eyJzY2hlbWFfdmVyc2lvbiI6IjEifQ=="
        }
      ]
    }
  ]
}
